{
  "originHash" : "2e2300db1aacc637e9c3ac73274dcf22e8f8281498b1be986f546020080d0907",
  "pins" : [
    {
      "identity" : "youtubekit",
      "kind" : "remoteSourceControl",
      "location" : "https://github.com/alexeichhorn/YouTubeKit.git",
      "state" : {
        "revision" : "e5b7d0396ce12bf3444f0d209e8436c83373b7af",
        "version" : "0.4.9"
      }
    }
  ],
  "version" : 3
}
