// !$*UTF8*$!
{
	archiveVersion = 1;
	classes = {
	};
	objectVersion = 77;
	objects = {

/* Begin PBXBuildFile section */
		02245EBDD35D14A0D86817C7 /* PublicNotebookModel.swift in Sources */ = {isa = PBXBuildFile; fileRef = B718C354ECFF33EF9D4AD63A /* PublicNotebookModel.swift */; };
		032A7158B998CC62B0A8564D /* Pagination.swift in Sources */ = {isa = PBXBuildFile; fileRef = 06D760201F23FAD9AD4F0089 /* Pagination.swift */; };
		08F98D9EC2B39481554A6FFC /* Track.swift in Sources */ = {isa = PBXBuildFile; fileRef = 49A19B53F3771910A76EC8FD /* Track.swift */; };
		09EF9F7672736CFDB429908A /* Assets.xcassets in Resources */ = {isa = PBXBuildFile; fileRef = 0E499433DA82459A29E31C98 /* Assets.xcassets */; };
		0D63CD4DBD09C5C2DD3DAB50 /* QueueState.swift in Sources */ = {isa = PBXBuildFile; fileRef = E335EA81A28FBFD4731F05F3 /* QueueState.swift */; };
		109B68E82A26267834BF227E /* KeyboardDismissalTests.swift in Sources */ = {isa = PBXBuildFile; fileRef = 91A7D6679DFAC0606BC24FBB /* KeyboardDismissalTests.swift */; };
		12FCB8FBCBFF65678994C6E9 /* EQPreset.swift in Sources */ = {isa = PBXBuildFile; fileRef = E0B307C7EDD580A924EC5DE4 /* EQPreset.swift */; };
		1691B322D0E2E4A124CA3976 /* MusesNetworking in Frameworks */ = {isa = PBXBuildFile; productRef = B6C839E616E7ADEBC1EA86EE /* MusesNetworking */; };
		1BEA681DD9C2D4B70CB11A42 /* QueueGroup.swift in Sources */ = {isa = PBXBuildFile; fileRef = 0696E1BFCAC74C13EC4D12E0 /* QueueGroup.swift */; };
		1C27C5D773A2CDC521C36A06 /* PublicCatalogFixtureTransport.swift in Sources */ = {isa = PBXBuildFile; fileRef = 77EBF9643B9DA73DE6077ACB /* PublicCatalogFixtureTransport.swift */; };
		1C9CDF738ED2298F36CF3394 /* PrivacyInfo.xcprivacy in Resources */ = {isa = PBXBuildFile; fileRef = 14D40A8955CC50AB87F7462D /* PrivacyInfo.xcprivacy */; };
		21FFC3D5C065537765A08A93 /* YouTubeIFrameContract.swift in Sources */ = {isa = PBXBuildFile; fileRef = 3DBD23204B11D9B81CB4880E /* YouTubeIFrameContract.swift */; };
		27019D7DA05EF8F43D7C1096 /* PublicRootView.swift in Sources */ = {isa = PBXBuildFile; fileRef = 027F187DCE7E94BA6D2C5B03 /* PublicRootView.swift */; };
		2C348C4AB65DF0A3EE212A73 /* YouTubeImportItem.swift in Sources */ = {isa = PBXBuildFile; fileRef = 53C5D2DAAE6B5194B0777348 /* YouTubeImportItem.swift */; };
		31FDA48D3F5C7D034F58AB50 /* PublicMigrationArchiveView.swift in Sources */ = {isa = PBXBuildFile; fileRef = C81F467A3435C6012A35B541 /* PublicMigrationArchiveView.swift */; };
		34A146771707ACDA7A68AE3D /* PhysicalLegacyFixture.swift in Sources */ = {isa = PBXBuildFile; fileRef = 8DCBCD2B6481049097FCA6C3 /* PhysicalLegacyFixture.swift */; };
		34E50508B48198760118F400 /* Playlist.swift in Sources */ = {isa = PBXBuildFile; fileRef = 3110C2C5E0C83478DD2E99AE /* Playlist.swift */; };
		3C6D1046A049A3AD9EBF7903 /* PublicStoreLocation.swift in Sources */ = {isa = PBXBuildFile; fileRef = B4D8A3E3A2F0AB70964281DF /* PublicStoreLocation.swift */; };
		3CA9C72BA6514C9F43931BD0 /* PublicSmokeTests.swift in Sources */ = {isa = PBXBuildFile; fileRef = B88CC19B6BBEFF7A59783565 /* PublicSmokeTests.swift */; };
		48E5884910C6DC3E956F633D /* PublicPrivacyUITests.swift in Sources */ = {isa = PBXBuildFile; fileRef = E057C9750664FB5D6847C6BD /* PublicPrivacyUITests.swift */; };
		4EDB33612B874029CF89E5E8 /* PublicWebsiteDataDeletion.swift in Sources */ = {isa = PBXBuildFile; fileRef = 4F76861EC868C4EAACB514F9 /* PublicWebsiteDataDeletion.swift */; };
		54F7E4C136C06E1CC21E8C4E /* PublicCatalogViews.swift in Sources */ = {isa = PBXBuildFile; fileRef = 80BFB724B62A375E00FE82DF /* PublicCatalogViews.swift */; };
		56F295D49F84BC6E2847FDB3 /* ListeningSession.swift in Sources */ = {isa = PBXBuildFile; fileRef = EF70E1E45E8B4C46014602B9 /* ListeningSession.swift */; };
		582B20A1E2DC666B99D57036 /* MusesSchema.swift in Sources */ = {isa = PBXBuildFile; fileRef = F0C5F631496ED3835C3DBFFB /* MusesSchema.swift */; };
		628EB76BCE37CD0AF7C54CD8 /* PlaylistItem.swift in Sources */ = {isa = PBXBuildFile; fileRef = E9029839B4A7936B66EF4E34 /* PlaylistItem.swift */; };
		69EE898D898F89B921474BF9 /* QueueItem.swift in Sources */ = {isa = PBXBuildFile; fileRef = 24F28D830AFA6AA5972A1D3A /* QueueItem.swift */; };
		6DF1AF16D5F08305E9FBC433 /* ListeningEvent.swift in Sources */ = {isa = PBXBuildFile; fileRef = 3F596B88D0AE9777DA4F9A60 /* ListeningEvent.swift */; };
		6E308E0EE68117B2D348D7BF /* PublicYouTubeApp.swift in Sources */ = {isa = PBXBuildFile; fileRef = B38F7FFDCC49F387A86934E8 /* PublicYouTubeApp.swift */; };
		6EA15B99732E710FF6701337 /* PublicNotebookViews.swift in Sources */ = {isa = PBXBuildFile; fileRef = 8A3C6FAADDB87FAA89AE2285 /* PublicNotebookViews.swift */; };
		7273935935728720CB6E452E /* PublicKeyboardDismissal.swift in Sources */ = {isa = PBXBuildFile; fileRef = 619032F36D06FB756DFFDACB /* PublicKeyboardDismissal.swift */; };
		7F08B637B7E304022B8FF1B1 /* PublicYouTubeFlowTests.swift in Sources */ = {isa = PBXBuildFile; fileRef = 8DFB0F5C9F1F00760EEE27DB /* PublicYouTubeFlowTests.swift */; };
		80281E2D11EF659D70EBAE2F /* FocusSession.swift in Sources */ = {isa = PBXBuildFile; fileRef = 7BB1178ABA9490F6FE5A7AAD /* FocusSession.swift */; };
		83B838F9077E758A8FD941DD /* MusesPersistence in Frameworks */ = {isa = PBXBuildFile; productRef = 59C04AE7291360CB2F8D1980 /* MusesPersistence */; };
		8525D550E4F0761D9A32B796 /* PublicCatalogUITests.swift in Sources */ = {isa = PBXBuildFile; fileRef = B38C4DF4F5CE19FD4531B992 /* PublicCatalogUITests.swift */; };
		8AF6B5523E2CB9B7F1A26604 /* PublicNotebookUITests.swift in Sources */ = {isa = PBXBuildFile; fileRef = FFEABBB343EF659168B63ED0 /* PublicNotebookUITests.swift */; };
		902E83207EBD00CBE062E498 /* AutomationRule.swift in Sources */ = {isa = PBXBuildFile; fileRef = 839ACBFCE9A534E949045F07 /* AutomationRule.swift */; };
		905E0CE95AC17D221CFF5F64 /* PublicNotebookTests.swift in Sources */ = {isa = PBXBuildFile; fileRef = 82777FC97A993D3021AAF724 /* PublicNotebookTests.swift */; };
		93776AD20FB9DC7C96936378 /* PublicServiceLinks.swift in Sources */ = {isa = PBXBuildFile; fileRef = 6B726EBFDB43E586F77DAD14 /* PublicServiceLinks.swift */; };
		93B16CF2E506F59F4DCF4E23 /* YouTubeImport.swift in Sources */ = {isa = PBXBuildFile; fileRef = 0F6C3B3576B98909024C34EB /* YouTubeImport.swift */; };
		9FA5A58E5A957104F5A695B9 /* MusesQueue in Frameworks */ = {isa = PBXBuildFile; productRef = E849032D7BF5D062EC253E75 /* MusesQueue */; };
		A24753171D104598A148F91E /* YouTubeIFrameAdapter.swift in Sources */ = {isa = PBXBuildFile; fileRef = 450AF4AE3A6C4930373DD319 /* YouTubeIFrameAdapter.swift */; };
		A350E43F561D0CC8FB8662CC /* L10n.swift in Sources */ = {isa = PBXBuildFile; fileRef = 2479010E573AFE3D23E4E15E /* L10n.swift */; };
		A36AF2110C4B7F6743F85FCF /* YouTubeIFrameDemoViewController.swift in Sources */ = {isa = PBXBuildFile; fileRef = 9C8A5E00E87E54C6FDC16B7B /* YouTubeIFrameDemoViewController.swift */; };
		A4C5341876408402442D8E48 /* ListeningContext.swift in Sources */ = {isa = PBXBuildFile; fileRef = 3649F5A754B687EE1BBFC459 /* ListeningContext.swift */; };
		A611858239C519E0CC137C70 /* YouTubeCatalog.swift in Sources */ = {isa = PBXBuildFile; fileRef = 3C9DBDB5A12AB927AFE32CFB /* YouTubeCatalog.swift */; };
		AD9A205C0AE3A66C6E8296F9 /* PublicStoreRouter.swift in Sources */ = {isa = PBXBuildFile; fileRef = 879303FA0599D586397A415B /* PublicStoreRouter.swift */; };
		AE01D6906CA341578D3A82BF /* RecapRange.swift in Sources */ = {isa = PBXBuildFile; fileRef = C0880CC35824A5B8F0A2D17D /* RecapRange.swift */; };
		AF34FF0134BC1CB63C4AA935 /* PublicPrivacyPolicy.md in Resources */ = {isa = PBXBuildFile; fileRef = 7916F022FB9E64BE8A7281B5 /* PublicPrivacyPolicy.md */; };
		B02C42D966F4D17DFC301312 /* Enums.swift in Sources */ = {isa = PBXBuildFile; fileRef = 84791D1D1484921BF6526DF3 /* Enums.swift */; };
		B25FC6680593B0159E7FBAD0 /* NotesModels.swift in Sources */ = {isa = PBXBuildFile; fileRef = E27064ED6B06E5E99F0815F8 /* NotesModels.swift */; };
		BDAFE58103567C06652C6E10 /* EQBand.swift in Sources */ = {isa = PBXBuildFile; fileRef = C4E97E1E9375F46A52CD77C7 /* EQBand.swift */; };
		BF3F53ECA098B096C3072A35 /* MusesCatalog in Frameworks */ = {isa = PBXBuildFile; productRef = D0A0D1FFD092F222494DCD28 /* MusesCatalog */; };
		BFCC5DEFF60E9F6E9F791302 /* InboxItem.swift in Sources */ = {isa = PBXBuildFile; fileRef = 3EB8BAF1CB7C8CBEBAE510B6 /* InboxItem.swift */; };
		C06E0F8F90F3620BA87527AC /* PublicUpgradeStartupTests.swift in Sources */ = {isa = PBXBuildFile; fileRef = C10D53A63375B4624892B545 /* PublicUpgradeStartupTests.swift */; };
		C91FF4AF24CEC67B2B4B31C6 /* PublicPrivacyView.swift in Sources */ = {isa = PBXBuildFile; fileRef = 01E3BAAD3984658150A9E6D2 /* PublicPrivacyView.swift */; };
		D55F627F6076E07B05FD85C1 /* LegacyStoreReader.swift in Sources */ = {isa = PBXBuildFile; fileRef = 9B2B64ABE3D786015914AD9A /* LegacyStoreReader.swift */; };
		D91F6183613114400108C756 /* MusesDomain in Frameworks */ = {isa = PBXBuildFile; productRef = ABBF5AD31D71AF087880D502 /* MusesDomain */; };
		E3E236720BC9E57CC3113F77 /* YouTubePlaylistSync.swift in Sources */ = {isa = PBXBuildFile; fileRef = 35C372D00C4DFD71B7A0830F /* YouTubePlaylistSync.swift */; };
		E6FBEB34EBBA0031E688959E /* LegacyMigrationPreparation.swift in Sources */ = {isa = PBXBuildFile; fileRef = BF3FC9E082C3F686C08BF0A7 /* LegacyMigrationPreparation.swift */; };
		E76E5DC874C583525DBF1BBF /* MusesIOSOAuth in Frameworks */ = {isa = PBXBuildFile; productRef = B564C53AE980502BCDEA589C /* MusesIOSOAuth */; };
		F0BF6BEE1C7B1F9FA77BCB28 /* PublicCredentialDeletion.swift in Sources */ = {isa = PBXBuildFile; fileRef = 7FB16787D5F235E6D540866C /* PublicCredentialDeletion.swift */; };
		FBC52BCAF7C8A50C9CCAA475 /* UserPreferences.swift in Sources */ = {isa = PBXBuildFile; fileRef = CF062E2BC7A5EF95B22E93C3 /* UserPreferences.swift */; };
/* End PBXBuildFile section */

/* Begin PBXContainerItemProxy section */
		40CF9BE0741CD98917E6731A /* PBXContainerItemProxy */ = {
			isa = PBXContainerItemProxy;
			containerPortal = B9CD43186256EFCB65325E8E /* Project object */;
			proxyType = 1;
			remoteGlobalIDString = 7FB55BBCFFD5CEACD7552488;
			remoteInfo = Muses;
		};
		9ED71E1E4A5E4F7D28A06253 /* PBXContainerItemProxy */ = {
			isa = PBXContainerItemProxy;
			containerPortal = B9CD43186256EFCB65325E8E /* Project object */;
			proxyType = 1;
			remoteGlobalIDString = 7FB55BBCFFD5CEACD7552488;
			remoteInfo = Muses;
		};
/* End PBXContainerItemProxy section */

/* Begin PBXFileReference section */
		01E3BAAD3984658150A9E6D2 /* PublicPrivacyView.swift */ = {isa = PBXFileReference; lastKnownFileType = sourcecode.swift; path = PublicPrivacyView.swift; sourceTree = "<group>"; };
		027F187DCE7E94BA6D2C5B03 /* PublicRootView.swift */ = {isa = PBXFileReference; lastKnownFileType = sourcecode.swift; path = PublicRootView.swift; sourceTree = "<group>"; };
		0696E1BFCAC74C13EC4D12E0 /* QueueGroup.swift */ = {isa = PBXFileReference; lastKnownFileType = sourcecode.swift; path = QueueGroup.swift; sourceTree = "<group>"; };
		06D760201F23FAD9AD4F0089 /* Pagination.swift */ = {isa = PBXFileReference; lastKnownFileType = sourcecode.swift; path = Pagination.swift; sourceTree = "<group>"; };
		0E499433DA82459A29E31C98 /* Assets.xcassets */ = {isa = PBXFileReference; lastKnownFileType = folder.assetcatalog; path = Assets.xcassets; sourceTree = "<group>"; };
		0F6C3B3576B98909024C34EB /* YouTubeImport.swift */ = {isa = PBXFileReference; lastKnownFileType = sourcecode.swift; path = YouTubeImport.swift; sourceTree = "<group>"; };
		120CD27C0FCFF0CCB913A7F0 /* MusesPublicUITests.xctest */ = {isa = PBXFileReference; includeInIndex = 0; lastKnownFileType = wrapper.cfbundle; path = MusesPublicUITests.xctest; sourceTree = BUILT_PRODUCTS_DIR; };
		14D40A8955CC50AB87F7462D /* PrivacyInfo.xcprivacy */ = {isa = PBXFileReference; path = PrivacyInfo.xcprivacy; sourceTree = "<group>"; };
		18429725DF2EDAD606C8F793 /* OAuth */ = {isa = PBXFileReference; lastKnownFileType = folder; name = OAuth; path = Platform/iOS/OAuth; sourceTree = SOURCE_ROOT; };
		2479010E573AFE3D23E4E15E /* L10n.swift */ = {isa = PBXFileReference; lastKnownFileType = sourcecode.swift; path = L10n.swift; sourceTree = "<group>"; };
		24F28D830AFA6AA5972A1D3A /* QueueItem.swift */ = {isa = PBXFileReference; lastKnownFileType = sourcecode.swift; path = QueueItem.swift; sourceTree = "<group>"; };
		27D48D0063152B94B2CA0707 /* MusesCatalog */ = {isa = PBXFileReference; lastKnownFileType = folder; name = MusesCatalog; path = Packages/MusesCatalog; sourceTree = SOURCE_ROOT; };
		3110C2C5E0C83478DD2E99AE /* Playlist.swift */ = {isa = PBXFileReference; lastKnownFileType = sourcecode.swift; path = Playlist.swift; sourceTree = "<group>"; };
		35C372D00C4DFD71B7A0830F /* YouTubePlaylistSync.swift */ = {isa = PBXFileReference; lastKnownFileType = sourcecode.swift; path = YouTubePlaylistSync.swift; sourceTree = "<group>"; };
		3649F5A754B687EE1BBFC459 /* ListeningContext.swift */ = {isa = PBXFileReference; lastKnownFileType = sourcecode.swift; path = ListeningContext.swift; sourceTree = "<group>"; };
		3C9DBDB5A12AB927AFE32CFB /* YouTubeCatalog.swift */ = {isa = PBXFileReference; lastKnownFileType = sourcecode.swift; path = YouTubeCatalog.swift; sourceTree = "<group>"; };
		3DBD23204B11D9B81CB4880E /* YouTubeIFrameContract.swift */ = {isa = PBXFileReference; lastKnownFileType = sourcecode.swift; path = YouTubeIFrameContract.swift; sourceTree = "<group>"; };
		3EB8BAF1CB7C8CBEBAE510B6 /* InboxItem.swift */ = {isa = PBXFileReference; lastKnownFileType = sourcecode.swift; path = InboxItem.swift; sourceTree = "<group>"; };
		3F596B88D0AE9777DA4F9A60 /* ListeningEvent.swift */ = {isa = PBXFileReference; lastKnownFileType = sourcecode.swift; path = ListeningEvent.swift; sourceTree = "<group>"; };
		450AF4AE3A6C4930373DD319 /* YouTubeIFrameAdapter.swift */ = {isa = PBXFileReference; lastKnownFileType = sourcecode.swift; path = YouTubeIFrameAdapter.swift; sourceTree = "<group>"; };
		49A19B53F3771910A76EC8FD /* Track.swift */ = {isa = PBXFileReference; lastKnownFileType = sourcecode.swift; path = Track.swift; sourceTree = "<group>"; };
		4F76861EC868C4EAACB514F9 /* PublicWebsiteDataDeletion.swift */ = {isa = PBXFileReference; lastKnownFileType = sourcecode.swift; path = PublicWebsiteDataDeletion.swift; sourceTree = "<group>"; };
		53C5D2DAAE6B5194B0777348 /* YouTubeImportItem.swift */ = {isa = PBXFileReference; lastKnownFileType = sourcecode.swift; path = YouTubeImportItem.swift; sourceTree = "<group>"; };
		619032F36D06FB756DFFDACB /* PublicKeyboardDismissal.swift */ = {isa = PBXFileReference; lastKnownFileType = sourcecode.swift; path = PublicKeyboardDismissal.swift; sourceTree = "<group>"; };
		6B726EBFDB43E586F77DAD14 /* PublicServiceLinks.swift */ = {isa = PBXFileReference; lastKnownFileType = sourcecode.swift; path = PublicServiceLinks.swift; sourceTree = "<group>"; };
		77EBF9643B9DA73DE6077ACB /* PublicCatalogFixtureTransport.swift */ = {isa = PBXFileReference; lastKnownFileType = sourcecode.swift; path = PublicCatalogFixtureTransport.swift; sourceTree = "<group>"; };
		7916F022FB9E64BE8A7281B5 /* PublicPrivacyPolicy.md */ = {isa = PBXFileReference; lastKnownFileType = net.daringfireball.markdown; path = PublicPrivacyPolicy.md; sourceTree = "<group>"; };
		7BB1178ABA9490F6FE5A7AAD /* FocusSession.swift */ = {isa = PBXFileReference; lastKnownFileType = sourcecode.swift; path = FocusSession.swift; sourceTree = "<group>"; };
		7FB16787D5F235E6D540866C /* PublicCredentialDeletion.swift */ = {isa = PBXFileReference; lastKnownFileType = sourcecode.swift; path = PublicCredentialDeletion.swift; sourceTree = "<group>"; };
		80BFB724B62A375E00FE82DF /* PublicCatalogViews.swift */ = {isa = PBXFileReference; lastKnownFileType = sourcecode.swift; path = PublicCatalogViews.swift; sourceTree = "<group>"; };
		82777FC97A993D3021AAF724 /* PublicNotebookTests.swift */ = {isa = PBXFileReference; lastKnownFileType = sourcecode.swift; path = PublicNotebookTests.swift; sourceTree = "<group>"; };
		839ACBFCE9A534E949045F07 /* AutomationRule.swift */ = {isa = PBXFileReference; lastKnownFileType = sourcecode.swift; path = AutomationRule.swift; sourceTree = "<group>"; };
		84791D1D1484921BF6526DF3 /* Enums.swift */ = {isa = PBXFileReference; lastKnownFileType = sourcecode.swift; path = Enums.swift; sourceTree = "<group>"; };
		876106BAA6581C1CB6DDDB90 /* MusesTests.xctest */ = {isa = PBXFileReference; includeInIndex = 0; lastKnownFileType = wrapper.cfbundle; path = MusesTests.xctest; sourceTree = BUILT_PRODUCTS_DIR; };
		879303FA0599D586397A415B /* PublicStoreRouter.swift */ = {isa = PBXFileReference; lastKnownFileType = sourcecode.swift; path = PublicStoreRouter.swift; sourceTree = "<group>"; };
		89C5A75EEAC78DF115AC3B08 /* MusesQueue */ = {isa = PBXFileReference; lastKnownFileType = folder; name = MusesQueue; path = Packages/MusesQueue; sourceTree = SOURCE_ROOT; };
		8A3C6FAADDB87FAA89AE2285 /* PublicNotebookViews.swift */ = {isa = PBXFileReference; lastKnownFileType = sourcecode.swift; path = PublicNotebookViews.swift; sourceTree = "<group>"; };
		8DCBCD2B6481049097FCA6C3 /* PhysicalLegacyFixture.swift */ = {isa = PBXFileReference; lastKnownFileType = sourcecode.swift; path = PhysicalLegacyFixture.swift; sourceTree = "<group>"; };
		8DFB0F5C9F1F00760EEE27DB /* PublicYouTubeFlowTests.swift */ = {isa = PBXFileReference; lastKnownFileType = sourcecode.swift; path = PublicYouTubeFlowTests.swift; sourceTree = "<group>"; };
		91A7D6679DFAC0606BC24FBB /* KeyboardDismissalTests.swift */ = {isa = PBXFileReference; lastKnownFileType = sourcecode.swift; path = KeyboardDismissalTests.swift; sourceTree = "<group>"; };
		9822313D18A980A1C93BA3D9 /* MusesNetworking */ = {isa = PBXFileReference; lastKnownFileType = folder; name = MusesNetworking; path = Packages/MusesNetworking; sourceTree = SOURCE_ROOT; };
		9B2B64ABE3D786015914AD9A /* LegacyStoreReader.swift */ = {isa = PBXFileReference; lastKnownFileType = sourcecode.swift; path = LegacyStoreReader.swift; sourceTree = "<group>"; };
		9C8A5E00E87E54C6FDC16B7B /* YouTubeIFrameDemoViewController.swift */ = {isa = PBXFileReference; lastKnownFileType = sourcecode.swift; path = YouTubeIFrameDemoViewController.swift; sourceTree = "<group>"; };
		B38C4DF4F5CE19FD4531B992 /* PublicCatalogUITests.swift */ = {isa = PBXFileReference; lastKnownFileType = sourcecode.swift; path = PublicCatalogUITests.swift; sourceTree = "<group>"; };
		B38F7FFDCC49F387A86934E8 /* PublicYouTubeApp.swift */ = {isa = PBXFileReference; lastKnownFileType = sourcecode.swift; path = PublicYouTubeApp.swift; sourceTree = "<group>"; };
		B4D8A3E3A2F0AB70964281DF /* PublicStoreLocation.swift */ = {isa = PBXFileReference; lastKnownFileType = sourcecode.swift; path = PublicStoreLocation.swift; sourceTree = "<group>"; };
		B718C354ECFF33EF9D4AD63A /* PublicNotebookModel.swift */ = {isa = PBXFileReference; lastKnownFileType = sourcecode.swift; path = PublicNotebookModel.swift; sourceTree = "<group>"; };
		B88CC19B6BBEFF7A59783565 /* PublicSmokeTests.swift */ = {isa = PBXFileReference; lastKnownFileType = sourcecode.swift; path = PublicSmokeTests.swift; sourceTree = "<group>"; };
		BF3FC9E082C3F686C08BF0A7 /* LegacyMigrationPreparation.swift */ = {isa = PBXFileReference; lastKnownFileType = sourcecode.swift; path = LegacyMigrationPreparation.swift; sourceTree = "<group>"; };
		C02C9611A99A8C63F4394507 /* MusesPersistence */ = {isa = PBXFileReference; lastKnownFileType = folder; name = MusesPersistence; path = Packages/MusesPersistence; sourceTree = SOURCE_ROOT; };
		C0880CC35824A5B8F0A2D17D /* RecapRange.swift */ = {isa = PBXFileReference; lastKnownFileType = sourcecode.swift; path = RecapRange.swift; sourceTree = "<group>"; };
		C10D53A63375B4624892B545 /* PublicUpgradeStartupTests.swift */ = {isa = PBXFileReference; lastKnownFileType = sourcecode.swift; path = PublicUpgradeStartupTests.swift; sourceTree = "<group>"; };
		C4E97E1E9375F46A52CD77C7 /* EQBand.swift */ = {isa = PBXFileReference; lastKnownFileType = sourcecode.swift; path = EQBand.swift; sourceTree = "<group>"; };
		C81F467A3435C6012A35B541 /* PublicMigrationArchiveView.swift */ = {isa = PBXFileReference; lastKnownFileType = sourcecode.swift; path = PublicMigrationArchiveView.swift; sourceTree = "<group>"; };
		CF062E2BC7A5EF95B22E93C3 /* UserPreferences.swift */ = {isa = PBXFileReference; lastKnownFileType = sourcecode.swift; path = UserPreferences.swift; sourceTree = "<group>"; };
		DB123987A950FCEDAD853C84 /* Muses.app */ = {isa = PBXFileReference; includeInIndex = 0; lastKnownFileType = wrapper.application; path = Muses.app; sourceTree = BUILT_PRODUCTS_DIR; };
		E057C9750664FB5D6847C6BD /* PublicPrivacyUITests.swift */ = {isa = PBXFileReference; lastKnownFileType = sourcecode.swift; path = PublicPrivacyUITests.swift; sourceTree = "<group>"; };
		E0B307C7EDD580A924EC5DE4 /* EQPreset.swift */ = {isa = PBXFileReference; lastKnownFileType = sourcecode.swift; path = EQPreset.swift; sourceTree = "<group>"; };
		E27064ED6B06E5E99F0815F8 /* NotesModels.swift */ = {isa = PBXFileReference; lastKnownFileType = sourcecode.swift; path = NotesModels.swift; sourceTree = "<group>"; };
		E335EA81A28FBFD4731F05F3 /* QueueState.swift */ = {isa = PBXFileReference; lastKnownFileType = sourcecode.swift; path = QueueState.swift; sourceTree = "<group>"; };
		E9029839B4A7936B66EF4E34 /* PlaylistItem.swift */ = {isa = PBXFileReference; lastKnownFileType = sourcecode.swift; path = PlaylistItem.swift; sourceTree = "<group>"; };
		EF70E1E45E8B4C46014602B9 /* ListeningSession.swift */ = {isa = PBXFileReference; lastKnownFileType = sourcecode.swift; path = ListeningSession.swift; sourceTree = "<group>"; };
		F0C5F631496ED3835C3DBFFB /* MusesSchema.swift */ = {isa = PBXFileReference; lastKnownFileType = sourcecode.swift; path = MusesSchema.swift; sourceTree = "<group>"; };
		F8B462D88E6E22787C5B9E38 /* MusesDomain */ = {isa = PBXFileReference; lastKnownFileType = folder; name = MusesDomain; path = Packages/MusesDomain; sourceTree = SOURCE_ROOT; };
		FFEABBB343EF659168B63ED0 /* PublicNotebookUITests.swift */ = {isa = PBXFileReference; lastKnownFileType = sourcecode.swift; path = PublicNotebookUITests.swift; sourceTree = "<group>"; };
/* End PBXFileReference section */

/* Begin PBXFrameworksBuildPhase section */
		1C4135098089631AA72EE9A5 /* Frameworks */ = {
			isa = PBXFrameworksBuildPhase;
			buildActionMask = 2147483647;
			files = (
				D91F6183613114400108C756 /* MusesDomain in Frameworks */,
				9FA5A58E5A957104F5A695B9 /* MusesQueue in Frameworks */,
				83B838F9077E758A8FD941DD /* MusesPersistence in Frameworks */,
				1691B322D0E2E4A124CA3976 /* MusesNetworking in Frameworks */,
				BF3F53ECA098B096C3072A35 /* MusesCatalog in Frameworks */,
				E76E5DC874C583525DBF1BBF /* MusesIOSOAuth in Frameworks */,
			);
			runOnlyForDeploymentPostprocessing = 0;
		};
/* End PBXFrameworksBuildPhase section */

/* Begin PBXGroup section */
		2C2B8C212D8866C8B177AA87 /* Products */ = {
			isa = PBXGroup;
			children = (
				DB123987A950FCEDAD853C84 /* Muses.app */,
				120CD27C0FCFF0CCB913A7F0 /* MusesPublicUITests.xctest */,
				876106BAA6581C1CB6DDDB90 /* MusesTests.xctest */,
			);
			name = Products;
			sourceTree = "<group>";
		};
		2DDFE68D73F84B73A54DAF14 /* Persistence */ = {
			isa = PBXGroup;
			children = (
				F0C5F631496ED3835C3DBFFB /* MusesSchema.swift */,
			);
			name = Persistence;
			path = Sources/Muses/Persistence;
			sourceTree = "<group>";
		};
		2E819485AA4CB0C44E3F3B90 /* Packages */ = {
			isa = PBXGroup;
			children = (
				27D48D0063152B94B2CA0707 /* MusesCatalog */,
				F8B462D88E6E22787C5B9E38 /* MusesDomain */,
				9822313D18A980A1C93BA3D9 /* MusesNetworking */,
				C02C9611A99A8C63F4394507 /* MusesPersistence */,
				89C5A75EEAC78DF115AC3B08 /* MusesQueue */,
				18429725DF2EDAD606C8F793 /* OAuth */,
			);
			path = Packages;
			sourceTree = "<group>";
		};
		3DE7FA3C9C76BFB6F9102ADD /* Resources */ = {
			isa = PBXGroup;
			children = (
				0E499433DA82459A29E31C98 /* Assets.xcassets */,
				14D40A8955CC50AB87F7462D /* PrivacyInfo.xcprivacy */,
				7916F022FB9E64BE8A7281B5 /* PublicPrivacyPolicy.md */,
			);
			name = Resources;
			path = Sources/Muses/Resources;
			sourceTree = "<group>";
		};
		435F32758A99587684E1F8A6 /* Public */ = {
			isa = PBXGroup;
			children = (
				80BFB724B62A375E00FE82DF /* PublicCatalogViews.swift */,
				619032F36D06FB756DFFDACB /* PublicKeyboardDismissal.swift */,
				C81F467A3435C6012A35B541 /* PublicMigrationArchiveView.swift */,
				B718C354ECFF33EF9D4AD63A /* PublicNotebookModel.swift */,
				8A3C6FAADDB87FAA89AE2285 /* PublicNotebookViews.swift */,
				01E3BAAD3984658150A9E6D2 /* PublicPrivacyView.swift */,
				027F187DCE7E94BA6D2C5B03 /* PublicRootView.swift */,
				6B726EBFDB43E586F77DAD14 /* PublicServiceLinks.swift */,
			);
			name = Public;
			path = Sources/Muses/Features/Public;
			sourceTree = "<group>";
		};
		4737C6BAEEB8FD2F13916204 /* MusesPublicUITests */ = {
			isa = PBXGroup;
			children = (
				91A7D6679DFAC0606BC24FBB /* KeyboardDismissalTests.swift */,
				B38C4DF4F5CE19FD4531B992 /* PublicCatalogUITests.swift */,
				FFEABBB343EF659168B63ED0 /* PublicNotebookUITests.swift */,
				E057C9750664FB5D6847C6BD /* PublicPrivacyUITests.swift */,
				B88CC19B6BBEFF7A59783565 /* PublicSmokeTests.swift */,
			);
			name = MusesPublicUITests;
			path = Tests/MusesPublicUITests;
			sourceTree = "<group>";
		};
		5AD86F7EC7D9BEA8C77778ED /* App */ = {
			isa = PBXGroup;
			children = (
				2479010E573AFE3D23E4E15E /* L10n.swift */,
				7FB16787D5F235E6D540866C /* PublicCredentialDeletion.swift */,
				B4D8A3E3A2F0AB70964281DF /* PublicStoreLocation.swift */,
				4F76861EC868C4EAACB514F9 /* PublicWebsiteDataDeletion.swift */,
				B38F7FFDCC49F387A86934E8 /* PublicYouTubeApp.swift */,
			);
			name = App;
			path = Sources/Muses/App;
			sourceTree = "<group>";
		};
		7CC245F35E8A351260A39B54 /* LegacyMigration */ = {
			isa = PBXGroup;
			children = (
				BF3FC9E082C3F686C08BF0A7 /* LegacyMigrationPreparation.swift */,
				9B2B64ABE3D786015914AD9A /* LegacyStoreReader.swift */,
				879303FA0599D586397A415B /* PublicStoreRouter.swift */,
			);
			name = LegacyMigration;
			path = Sources/Muses/Persistence/LegacyMigration;
			sourceTree = "<group>";
		};
		855A0318330498B581293BE6 /* Support */ = {
			isa = PBXGroup;
			children = (
				77EBF9643B9DA73DE6077ACB /* PublicCatalogFixtureTransport.swift */,
			);
			name = Support;
			path = Tests/Support;
			sourceTree = "<group>";
		};
		B457E8459AD93ED6DBECDDE9 /* MusesTests */ = {
			isa = PBXGroup;
			children = (
				82777FC97A993D3021AAF724 /* PublicNotebookTests.swift */,
				C10D53A63375B4624892B545 /* PublicUpgradeStartupTests.swift */,
				8DFB0F5C9F1F00760EEE27DB /* PublicYouTubeFlowTests.swift */,
			);
			name = MusesTests;
			path = Tests/MusesTests;
			sourceTree = "<group>";
		};
		C9A96C0B234537FD13A98B0A /* LegacyMigrationTests */ = {
			isa = PBXGroup;
			children = (
				8DCBCD2B6481049097FCA6C3 /* PhysicalLegacyFixture.swift */,
			);
			name = LegacyMigrationTests;
			path = Tests/LegacyMigrationTests;
			sourceTree = "<group>";
		};
		CC6E309848BEBEDE0759C1BA = {
			isa = PBXGroup;
			children = (
				5AD86F7EC7D9BEA8C77778ED /* App */,
				DACDED0C0A96DF9FC7703818 /* Domain */,
				7CC245F35E8A351260A39B54 /* LegacyMigration */,
				C9A96C0B234537FD13A98B0A /* LegacyMigrationTests */,
				4737C6BAEEB8FD2F13916204 /* MusesPublicUITests */,
				B457E8459AD93ED6DBECDDE9 /* MusesTests */,
				2E819485AA4CB0C44E3F3B90 /* Packages */,
				2DDFE68D73F84B73A54DAF14 /* Persistence */,
				435F32758A99587684E1F8A6 /* Public */,
				3DE7FA3C9C76BFB6F9102ADD /* Resources */,
				855A0318330498B581293BE6 /* Support */,
				DE67092E6999DF3201F0911F /* YouTubeIFrame */,
				2C2B8C212D8866C8B177AA87 /* Products */,
			);
			sourceTree = "<group>";
		};
		DACDED0C0A96DF9FC7703818 /* Domain */ = {
			isa = PBXGroup;
			children = (
				839ACBFCE9A534E949045F07 /* AutomationRule.swift */,
				84791D1D1484921BF6526DF3 /* Enums.swift */,
				C4E97E1E9375F46A52CD77C7 /* EQBand.swift */,
				E0B307C7EDD580A924EC5DE4 /* EQPreset.swift */,
				7BB1178ABA9490F6FE5A7AAD /* FocusSession.swift */,
				3EB8BAF1CB7C8CBEBAE510B6 /* InboxItem.swift */,
				3649F5A754B687EE1BBFC459 /* ListeningContext.swift */,
				3F596B88D0AE9777DA4F9A60 /* ListeningEvent.swift */,
				EF70E1E45E8B4C46014602B9 /* ListeningSession.swift */,
				E27064ED6B06E5E99F0815F8 /* NotesModels.swift */,
				06D760201F23FAD9AD4F0089 /* Pagination.swift */,
				3110C2C5E0C83478DD2E99AE /* Playlist.swift */,
				E9029839B4A7936B66EF4E34 /* PlaylistItem.swift */,
				0696E1BFCAC74C13EC4D12E0 /* QueueGroup.swift */,
				24F28D830AFA6AA5972A1D3A /* QueueItem.swift */,
				E335EA81A28FBFD4731F05F3 /* QueueState.swift */,
				C0880CC35824A5B8F0A2D17D /* RecapRange.swift */,
				49A19B53F3771910A76EC8FD /* Track.swift */,
				CF062E2BC7A5EF95B22E93C3 /* UserPreferences.swift */,
				3C9DBDB5A12AB927AFE32CFB /* YouTubeCatalog.swift */,
				0F6C3B3576B98909024C34EB /* YouTubeImport.swift */,
				53C5D2DAAE6B5194B0777348 /* YouTubeImportItem.swift */,
				35C372D00C4DFD71B7A0830F /* YouTubePlaylistSync.swift */,
			);
			name = Domain;
			path = Sources/Muses/Domain;
			sourceTree = "<group>";
		};
		DE67092E6999DF3201F0911F /* YouTubeIFrame */ = {
			isa = PBXGroup;
			children = (
				450AF4AE3A6C4930373DD319 /* YouTubeIFrameAdapter.swift */,
				3DBD23204B11D9B81CB4880E /* YouTubeIFrameContract.swift */,
				9C8A5E00E87E54C6FDC16B7B /* YouTubeIFrameDemoViewController.swift */,
			);
			name = YouTubeIFrame;
			path = Sources/Muses/Platform/iOS/YouTubeIFrame;
			sourceTree = "<group>";
		};
/* End PBXGroup section */

/* Begin PBXNativeTarget section */
		2F053DF18EBFB1C20F73AA07 /* MusesTests */ = {
			isa = PBXNativeTarget;
			buildConfigurationList = A96AE95C541D30C6785F8CC0 /* Build configuration list for PBXNativeTarget "MusesTests" */;
			buildPhases = (
				899429184666EB0E75A15599 /* Sources */,
			);
			buildRules = (
			);
			dependencies = (
				158CEF59C7D2EBF09114CBB8 /* PBXTargetDependency */,
			);
			name = MusesTests;
			packageProductDependencies = (
			);
			productName = MusesTests;
			productReference = 876106BAA6581C1CB6DDDB90 /* MusesTests.xctest */;
			productType = "com.apple.product-type.bundle.unit-test";
		};
		7FB55BBCFFD5CEACD7552488 /* Muses */ = {
			isa = PBXNativeTarget;
			buildConfigurationList = 137FE33BE1A01B24501DD38A /* Build configuration list for PBXNativeTarget "Muses" */;
			buildPhases = (
				1E63AD1E34684D710D62EFDD /* Sources */,
				B4DE4611FE4831CFAC372220 /* Resources */,
				1C4135098089631AA72EE9A5 /* Frameworks */,
			);
			buildRules = (
			);
			dependencies = (
			);
			name = Muses;
			packageProductDependencies = (
				ABBF5AD31D71AF087880D502 /* MusesDomain */,
				E849032D7BF5D062EC253E75 /* MusesQueue */,
				59C04AE7291360CB2F8D1980 /* MusesPersistence */,
				B6C839E616E7ADEBC1EA86EE /* MusesNetworking */,
				D0A0D1FFD092F222494DCD28 /* MusesCatalog */,
				B564C53AE980502BCDEA589C /* MusesIOSOAuth */,
			);
			productName = Muses;
			productReference = DB123987A950FCEDAD853C84 /* Muses.app */;
			productType = "com.apple.product-type.application";
		};
		B3200D40FE7C4C96FB7493D5 /* MusesPublicUITests */ = {
			isa = PBXNativeTarget;
			buildConfigurationList = 6D97846BA92C582E7AF4B253 /* Build configuration list for PBXNativeTarget "MusesPublicUITests" */;
			buildPhases = (
				B37B53A9B9126DF258DE504D /* Sources */,
			);
			buildRules = (
			);
			dependencies = (
				D71FC268733075F957D69581 /* PBXTargetDependency */,
			);
			name = MusesPublicUITests;
			packageProductDependencies = (
			);
			productName = MusesPublicUITests;
			productReference = 120CD27C0FCFF0CCB913A7F0 /* MusesPublicUITests.xctest */;
			productType = "com.apple.product-type.bundle.ui-testing";
		};
/* End PBXNativeTarget section */

/* Begin PBXProject section */
		B9CD43186256EFCB65325E8E /* Project object */ = {
			isa = PBXProject;
			attributes = {
				BuildIndependentTargetsInParallel = YES;
				LastUpgradeCheck = 1430;
				TargetAttributes = {
					B3200D40FE7C4C96FB7493D5 = {
						TestTargetID = 7FB55BBCFFD5CEACD7552488;
					};
				};
			};
			buildConfigurationList = EB869238B28D87D7CC9A2711 /* Build configuration list for PBXProject "Muses" */;
			developmentRegion = en;
			hasScannedForEncodings = 0;
			knownRegions = (
				Base,
				en,
			);
			mainGroup = CC6E309848BEBEDE0759C1BA;
			minimizedProjectReferenceProxies = 1;
			packageReferences = (
				7C8E831B7E2211F2E7F2850C /* XCLocalSwiftPackageReference "Packages/MusesCatalog" */,
				CF8DA880E9B8D078F52A7393 /* XCLocalSwiftPackageReference "Packages/MusesDomain" */,
				94C2C1B6705300D7033C28A8 /* XCLocalSwiftPackageReference "Platform/iOS/OAuth" */,
				CC1EEFD7EC8D621370156604 /* XCLocalSwiftPackageReference "Packages/MusesNetworking" */,
				B1D5DE098A0E838D558CD895 /* XCLocalSwiftPackageReference "Packages/MusesPersistence" */,
				C6088BD2A79832F51F691DC6 /* XCLocalSwiftPackageReference "Packages/MusesQueue" */,
			);
			preferredProjectObjectVersion = 77;
			productRefGroup = 2C2B8C212D8866C8B177AA87 /* Products */;
			projectDirPath = "";
			projectRoot = "";
			targets = (
				7FB55BBCFFD5CEACD7552488 /* Muses */,
				2F053DF18EBFB1C20F73AA07 /* MusesTests */,
				B3200D40FE7C4C96FB7493D5 /* MusesPublicUITests */,
			);
		};
/* End PBXProject section */

/* Begin PBXResourcesBuildPhase section */
		B4DE4611FE4831CFAC372220 /* Resources */ = {
			isa = PBXResourcesBuildPhase;
			buildActionMask = 2147483647;
			files = (
				09EF9F7672736CFDB429908A /* Assets.xcassets in Resources */,
				1C9CDF738ED2298F36CF3394 /* PrivacyInfo.xcprivacy in Resources */,
				AF34FF0134BC1CB63C4AA935 /* PublicPrivacyPolicy.md in Resources */,
			);
			runOnlyForDeploymentPostprocessing = 0;
		};
/* End PBXResourcesBuildPhase section */

/* Begin PBXSourcesBuildPhase section */
		1E63AD1E34684D710D62EFDD /* Sources */ = {
			isa = PBXSourcesBuildPhase;
			buildActionMask = 2147483647;
			files = (
				902E83207EBD00CBE062E498 /* AutomationRule.swift in Sources */,
				BDAFE58103567C06652C6E10 /* EQBand.swift in Sources */,
				12FCB8FBCBFF65678994C6E9 /* EQPreset.swift in Sources */,
				B02C42D966F4D17DFC301312 /* Enums.swift in Sources */,
				80281E2D11EF659D70EBAE2F /* FocusSession.swift in Sources */,
				BFCC5DEFF60E9F6E9F791302 /* InboxItem.swift in Sources */,
				A350E43F561D0CC8FB8662CC /* L10n.swift in Sources */,
				E6FBEB34EBBA0031E688959E /* LegacyMigrationPreparation.swift in Sources */,
				D55F627F6076E07B05FD85C1 /* LegacyStoreReader.swift in Sources */,
				A4C5341876408402442D8E48 /* ListeningContext.swift in Sources */,
				6DF1AF16D5F08305E9FBC433 /* ListeningEvent.swift in Sources */,
				56F295D49F84BC6E2847FDB3 /* ListeningSession.swift in Sources */,
				582B20A1E2DC666B99D57036 /* MusesSchema.swift in Sources */,
				B25FC6680593B0159E7FBAD0 /* NotesModels.swift in Sources */,
				032A7158B998CC62B0A8564D /* Pagination.swift in Sources */,
				34E50508B48198760118F400 /* Playlist.swift in Sources */,
				628EB76BCE37CD0AF7C54CD8 /* PlaylistItem.swift in Sources */,
				1C27C5D773A2CDC521C36A06 /* PublicCatalogFixtureTransport.swift in Sources */,
				54F7E4C136C06E1CC21E8C4E /* PublicCatalogViews.swift in Sources */,
				F0BF6BEE1C7B1F9FA77BCB28 /* PublicCredentialDeletion.swift in Sources */,
				7273935935728720CB6E452E /* PublicKeyboardDismissal.swift in Sources */,
				31FDA48D3F5C7D034F58AB50 /* PublicMigrationArchiveView.swift in Sources */,
				02245EBDD35D14A0D86817C7 /* PublicNotebookModel.swift in Sources */,
				6EA15B99732E710FF6701337 /* PublicNotebookViews.swift in Sources */,
				C91FF4AF24CEC67B2B4B31C6 /* PublicPrivacyView.swift in Sources */,
				27019D7DA05EF8F43D7C1096 /* PublicRootView.swift in Sources */,
				93776AD20FB9DC7C96936378 /* PublicServiceLinks.swift in Sources */,
				3C6D1046A049A3AD9EBF7903 /* PublicStoreLocation.swift in Sources */,
				AD9A205C0AE3A66C6E8296F9 /* PublicStoreRouter.swift in Sources */,
				4EDB33612B874029CF89E5E8 /* PublicWebsiteDataDeletion.swift in Sources */,
				6E308E0EE68117B2D348D7BF /* PublicYouTubeApp.swift in Sources */,
				1BEA681DD9C2D4B70CB11A42 /* QueueGroup.swift in Sources */,
				69EE898D898F89B921474BF9 /* QueueItem.swift in Sources */,
				0D63CD4DBD09C5C2DD3DAB50 /* QueueState.swift in Sources */,
				AE01D6906CA341578D3A82BF /* RecapRange.swift in Sources */,
				08F98D9EC2B39481554A6FFC /* Track.swift in Sources */,
				FBC52BCAF7C8A50C9CCAA475 /* UserPreferences.swift in Sources */,
				A611858239C519E0CC137C70 /* YouTubeCatalog.swift in Sources */,
				A24753171D104598A148F91E /* YouTubeIFrameAdapter.swift in Sources */,
				21FFC3D5C065537765A08A93 /* YouTubeIFrameContract.swift in Sources */,
				A36AF2110C4B7F6743F85FCF /* YouTubeIFrameDemoViewController.swift in Sources */,
				93B16CF2E506F59F4DCF4E23 /* YouTubeImport.swift in Sources */,
				2C348C4AB65DF0A3EE212A73 /* YouTubeImportItem.swift in Sources */,
				E3E236720BC9E57CC3113F77 /* YouTubePlaylistSync.swift in Sources */,
			);
			runOnlyForDeploymentPostprocessing = 0;
		};
		899429184666EB0E75A15599 /* Sources */ = {
			isa = PBXSourcesBuildPhase;
			buildActionMask = 2147483647;
			files = (
				34A146771707ACDA7A68AE3D /* PhysicalLegacyFixture.swift in Sources */,
				905E0CE95AC17D221CFF5F64 /* PublicNotebookTests.swift in Sources */,
				C06E0F8F90F3620BA87527AC /* PublicUpgradeStartupTests.swift in Sources */,
				7F08B637B7E304022B8FF1B1 /* PublicYouTubeFlowTests.swift in Sources */,
			);
			runOnlyForDeploymentPostprocessing = 0;
		};
		B37B53A9B9126DF258DE504D /* Sources */ = {
			isa = PBXSourcesBuildPhase;
			buildActionMask = 2147483647;
			files = (
				109B68E82A26267834BF227E /* KeyboardDismissalTests.swift in Sources */,
				8525D550E4F0761D9A32B796 /* PublicCatalogUITests.swift in Sources */,
				8AF6B5523E2CB9B7F1A26604 /* PublicNotebookUITests.swift in Sources */,
				48E5884910C6DC3E956F633D /* PublicPrivacyUITests.swift in Sources */,
				3CA9C72BA6514C9F43931BD0 /* PublicSmokeTests.swift in Sources */,
			);
			runOnlyForDeploymentPostprocessing = 0;
		};
/* End PBXSourcesBuildPhase section */

/* Begin PBXTargetDependency section */
		158CEF59C7D2EBF09114CBB8 /* PBXTargetDependency */ = {
			isa = PBXTargetDependency;
			target = 7FB55BBCFFD5CEACD7552488 /* Muses */;
			targetProxy = 40CF9BE0741CD98917E6731A /* PBXContainerItemProxy */;
		};
		D71FC268733075F957D69581 /* PBXTargetDependency */ = {
			isa = PBXTargetDependency;
			target = 7FB55BBCFFD5CEACD7552488 /* Muses */;
			targetProxy = 9ED71E1E4A5E4F7D28A06253 /* PBXContainerItemProxy */;
		};
/* End PBXTargetDependency section */

/* Begin XCBuildConfiguration section */
		1B97008385C921D8E30F43B3 /* Release */ = {
			isa = XCBuildConfiguration;
			buildSettings = {
				BUNDLE_LOADER = "$(TEST_HOST)";
				GENERATE_INFOPLIST_FILE = YES;
				LD_RUNPATH_SEARCH_PATHS = (
					"$(inherited)",
					"@executable_path/Frameworks",
					"@loader_path/Frameworks",
				);
				PRODUCT_BUNDLE_IDENTIFIER = com.xiaotwu.muses.erato.publicuitests;
				SDKROOT = iphoneos;
				SUPPORTED_PLATFORMS = "iphoneos iphonesimulator";
				TARGETED_DEVICE_FAMILY = "1,2";
				TEST_TARGET_NAME = Muses;
			};
			name = Release;
		};
		30D8E349C6FBD482AB7C46F2 /* Release */ = {
			isa = XCBuildConfiguration;
			buildSettings = {
				BUNDLE_LOADER = "$(TEST_HOST)";
				GENERATE_INFOPLIST_FILE = YES;
				LD_RUNPATH_SEARCH_PATHS = (
					"$(inherited)",
					"@executable_path/Frameworks",
					"@loader_path/Frameworks",
				);
				PRODUCT_BUNDLE_IDENTIFIER = com.xiaotwu.muses.erato.tests;
				PRODUCT_MODULE_NAME = MusesTests;
				PRODUCT_NAME = MusesTests;
				SDKROOT = iphoneos;
				SUPPORTED_PLATFORMS = "iphoneos iphonesimulator";
				TARGETED_DEVICE_FAMILY = "1,2";
				TEST_HOST = "$(BUILT_PRODUCTS_DIR)/Muses.app/$(BUNDLE_EXECUTABLE_FOLDER_PATH)/Muses";
			};
			name = Release;
		};
		384EEEA706E55F4A0F021CE7 /* Debug */ = {
			isa = XCBuildConfiguration;
			buildSettings = {
				ALWAYS_SEARCH_USER_PATHS = NO;
				CLANG_ANALYZER_NONNULL = YES;
				CLANG_ANALYZER_NUMBER_OBJECT_CONVERSION = YES_AGGRESSIVE;
				CLANG_CXX_LANGUAGE_STANDARD = "gnu++14";
				CLANG_CXX_LIBRARY = "libc++";
				CLANG_ENABLE_MODULES = YES;
				CLANG_ENABLE_OBJC_ARC = YES;
				CLANG_ENABLE_OBJC_WEAK = YES;
				CLANG_WARN_BLOCK_CAPTURE_AUTORELEASING = YES;
				CLANG_WARN_BOOL_CONVERSION = YES;
				CLANG_WARN_COMMA = YES;
				CLANG_WARN_CONSTANT_CONVERSION = YES;
				CLANG_WARN_DEPRECATED_OBJC_IMPLEMENTATIONS = YES;
				CLANG_WARN_DIRECT_OBJC_ISA_USAGE = YES_ERROR;
				CLANG_WARN_DOCUMENTATION_COMMENTS = YES;
				CLANG_WARN_EMPTY_BODY = YES;
				CLANG_WARN_ENUM_CONVERSION = YES;
				CLANG_WARN_INFINITE_RECURSION = YES;
				CLANG_WARN_INT_CONVERSION = YES;
				CLANG_WARN_NON_LITERAL_NULL_CONVERSION = YES;
				CLANG_WARN_OBJC_IMPLICIT_RETAIN_SELF = YES;
				CLANG_WARN_OBJC_LITERAL_CONVERSION = YES;
				CLANG_WARN_OBJC_ROOT_CLASS = YES_ERROR;
				CLANG_WARN_QUOTED_INCLUDE_IN_FRAMEWORK_HEADER = YES;
				CLANG_WARN_RANGE_LOOP_ANALYSIS = YES;
				CLANG_WARN_STRICT_PROTOTYPES = YES;
				CLANG_WARN_SUSPICIOUS_MOVE = YES;
				CLANG_WARN_UNGUARDED_AVAILABILITY = YES_AGGRESSIVE;
				CLANG_WARN_UNREACHABLE_CODE = YES;
				CLANG_WARN__DUPLICATE_METHOD_MATCH = YES;
				COPY_PHASE_STRIP = NO;
				DEBUG_INFORMATION_FORMAT = dwarf;
				ENABLE_STRICT_OBJC_MSGSEND = YES;
				ENABLE_TESTABILITY = YES;
				ENABLE_USER_SCRIPT_SANDBOXING = NO;
				GCC_C_LANGUAGE_STANDARD = gnu11;
				GCC_DYNAMIC_NO_PIC = NO;
				GCC_NO_COMMON_BLOCKS = YES;
				GCC_OPTIMIZATION_LEVEL = 0;
				GCC_PREPROCESSOR_DEFINITIONS = (
					"$(inherited)",
					"DEBUG=1",
				);
				GCC_WARN_64_TO_32_BIT_CONVERSION = YES;
				GCC_WARN_ABOUT_RETURN_TYPE = YES_ERROR;
				GCC_WARN_UNDECLARED_SELECTOR = YES;
				GCC_WARN_UNINITIALIZED_AUTOS = YES_AGGRESSIVE;
				GCC_WARN_UNUSED_FUNCTION = YES;
				GCC_WARN_UNUSED_VARIABLE = YES;
				GENERATE_INFOPLIST_FILE = NO;
				IPHONEOS_DEPLOYMENT_TARGET = 18.0;
				MTL_ENABLE_DEBUG_INFO = INCLUDE_SOURCE;
				MTL_FAST_MATH = YES;
				ONLY_ACTIVE_ARCH = YES;
				PRODUCT_NAME = "$(TARGET_NAME)";
				SDKROOT = iphoneos;
				SUPPORTS_MACCATALYST = NO;
				SWIFT_ACTIVE_COMPILATION_CONDITIONS = DEBUG;
				SWIFT_OPTIMIZATION_LEVEL = "-Onone";
				SWIFT_STRICT_CONCURRENCY = minimal;
				SWIFT_VERSION = 6.0;
				WATCHOS_DEPLOYMENT_TARGET = 11.0;
			};
			name = Debug;
		};
		38767D36B33FA46A92F04CC5 /* Release */ = {
			isa = XCBuildConfiguration;
			buildSettings = {
				ALWAYS_SEARCH_USER_PATHS = NO;
				CLANG_ANALYZER_NONNULL = YES;
				CLANG_ANALYZER_NUMBER_OBJECT_CONVERSION = YES_AGGRESSIVE;
				CLANG_CXX_LANGUAGE_STANDARD = "gnu++14";
				CLANG_CXX_LIBRARY = "libc++";
				CLANG_ENABLE_MODULES = YES;
				CLANG_ENABLE_OBJC_ARC = YES;
				CLANG_ENABLE_OBJC_WEAK = YES;
				CLANG_WARN_BLOCK_CAPTURE_AUTORELEASING = YES;
				CLANG_WARN_BOOL_CONVERSION = YES;
				CLANG_WARN_COMMA = YES;
				CLANG_WARN_CONSTANT_CONVERSION = YES;
				CLANG_WARN_DEPRECATED_OBJC_IMPLEMENTATIONS = YES;
				CLANG_WARN_DIRECT_OBJC_ISA_USAGE = YES_ERROR;
				CLANG_WARN_DOCUMENTATION_COMMENTS = YES;
				CLANG_WARN_EMPTY_BODY = YES;
				CLANG_WARN_ENUM_CONVERSION = YES;
				CLANG_WARN_INFINITE_RECURSION = YES;
				CLANG_WARN_INT_CONVERSION = YES;
				CLANG_WARN_NON_LITERAL_NULL_CONVERSION = YES;
				CLANG_WARN_OBJC_IMPLICIT_RETAIN_SELF = YES;
				CLANG_WARN_OBJC_LITERAL_CONVERSION = YES;
				CLANG_WARN_OBJC_ROOT_CLASS = YES_ERROR;
				CLANG_WARN_QUOTED_INCLUDE_IN_FRAMEWORK_HEADER = YES;
				CLANG_WARN_RANGE_LOOP_ANALYSIS = YES;
				CLANG_WARN_STRICT_PROTOTYPES = YES;
				CLANG_WARN_SUSPICIOUS_MOVE = YES;
				CLANG_WARN_UNGUARDED_AVAILABILITY = YES_AGGRESSIVE;
				CLANG_WARN_UNREACHABLE_CODE = YES;
				CLANG_WARN__DUPLICATE_METHOD_MATCH = YES;
				COPY_PHASE_STRIP = NO;
				DEBUG_INFORMATION_FORMAT = "dwarf-with-dsym";
				ENABLE_NS_ASSERTIONS = NO;
				ENABLE_STRICT_OBJC_MSGSEND = YES;
				ENABLE_USER_SCRIPT_SANDBOXING = NO;
				GCC_C_LANGUAGE_STANDARD = gnu11;
				GCC_NO_COMMON_BLOCKS = YES;
				GCC_WARN_64_TO_32_BIT_CONVERSION = YES;
				GCC_WARN_ABOUT_RETURN_TYPE = YES_ERROR;
				GCC_WARN_UNDECLARED_SELECTOR = YES;
				GCC_WARN_UNINITIALIZED_AUTOS = YES_AGGRESSIVE;
				GCC_WARN_UNUSED_FUNCTION = YES;
				GCC_WARN_UNUSED_VARIABLE = YES;
				GENERATE_INFOPLIST_FILE = NO;
				IPHONEOS_DEPLOYMENT_TARGET = 18.0;
				MTL_ENABLE_DEBUG_INFO = NO;
				MTL_FAST_MATH = YES;
				PRODUCT_NAME = "$(TARGET_NAME)";
				SDKROOT = iphoneos;
				SUPPORTS_MACCATALYST = NO;
				SWIFT_COMPILATION_MODE = wholemodule;
				SWIFT_OPTIMIZATION_LEVEL = "-O";
				SWIFT_STRICT_CONCURRENCY = minimal;
				SWIFT_VERSION = 6.0;
				WATCHOS_DEPLOYMENT_TARGET = 11.0;
			};
			name = Release;
		};
		3A47C27FC8EC3E45D21FE3BF /* Debug */ = {
			isa = XCBuildConfiguration;
			buildSettings = {
				ASSETCATALOG_COMPILER_APPICON_NAME = AppIcon;
				CODE_SIGN_IDENTITY = "iPhone Developer";
				INFOPLIST_FILE = Sources/Muses/Resources/Info.plist;
				LD_RUNPATH_SEARCH_PATHS = (
					"$(inherited)",
					"@executable_path/Frameworks",
				);
				MUSES_GOOGLE_REDIRECT_SCHEME = "muses-erato";
				PRODUCT_BUNDLE_IDENTIFIER = com.xiaotwu.muses.erato;
				PRODUCT_NAME = Muses;
				SDKROOT = iphoneos;
				SUPPORTED_PLATFORMS = "iphoneos iphonesimulator";
				TARGETED_DEVICE_FAMILY = "1,2";
			};
			name = Debug;
		};
		DEE224F397583962B4B632FC /* Debug */ = {
			isa = XCBuildConfiguration;
			buildSettings = {
				BUNDLE_LOADER = "$(TEST_HOST)";
				GENERATE_INFOPLIST_FILE = YES;
				LD_RUNPATH_SEARCH_PATHS = (
					"$(inherited)",
					"@executable_path/Frameworks",
					"@loader_path/Frameworks",
				);
				PRODUCT_BUNDLE_IDENTIFIER = com.xiaotwu.muses.erato.tests;
				PRODUCT_MODULE_NAME = MusesTests;
				PRODUCT_NAME = MusesTests;
				SDKROOT = iphoneos;
				SUPPORTED_PLATFORMS = "iphoneos iphonesimulator";
				TARGETED_DEVICE_FAMILY = "1,2";
				TEST_HOST = "$(BUILT_PRODUCTS_DIR)/Muses.app/$(BUNDLE_EXECUTABLE_FOLDER_PATH)/Muses";
			};
			name = Debug;
		};
		E5AA96952A2448654A42B613 /* Release */ = {
			isa = XCBuildConfiguration;
			buildSettings = {
				ASSETCATALOG_COMPILER_APPICON_NAME = AppIcon;
				CODE_SIGN_IDENTITY = "iPhone Developer";
				INFOPLIST_FILE = Sources/Muses/Resources/Info.plist;
				LD_RUNPATH_SEARCH_PATHS = (
					"$(inherited)",
					"@executable_path/Frameworks",
				);
				MUSES_GOOGLE_REDIRECT_SCHEME = "muses-erato";
				PRODUCT_BUNDLE_IDENTIFIER = com.xiaotwu.muses.erato;
				PRODUCT_NAME = Muses;
				SDKROOT = iphoneos;
				SUPPORTED_PLATFORMS = "iphoneos iphonesimulator";
				TARGETED_DEVICE_FAMILY = "1,2";
			};
			name = Release;
		};
		EFD0483DEC4837C978234784 /* Debug */ = {
			isa = XCBuildConfiguration;
			buildSettings = {
				BUNDLE_LOADER = "$(TEST_HOST)";
				GENERATE_INFOPLIST_FILE = YES;
				LD_RUNPATH_SEARCH_PATHS = (
					"$(inherited)",
					"@executable_path/Frameworks",
					"@loader_path/Frameworks",
				);
				PRODUCT_BUNDLE_IDENTIFIER = com.xiaotwu.muses.erato.publicuitests;
				SDKROOT = iphoneos;
				SUPPORTED_PLATFORMS = "iphoneos iphonesimulator";
				TARGETED_DEVICE_FAMILY = "1,2";
				TEST_TARGET_NAME = Muses;
			};
			name = Debug;
		};
/* End XCBuildConfiguration section */

/* Begin XCConfigurationList section */
		137FE33BE1A01B24501DD38A /* Build configuration list for PBXNativeTarget "Muses" */ = {
			isa = XCConfigurationList;
			buildConfigurations = (
				3A47C27FC8EC3E45D21FE3BF /* Debug */,
				E5AA96952A2448654A42B613 /* Release */,
			);
			defaultConfigurationIsVisible = 0;
			defaultConfigurationName = Debug;
		};
		6D97846BA92C582E7AF4B253 /* Build configuration list for PBXNativeTarget "MusesPublicUITests" */ = {
			isa = XCConfigurationList;
			buildConfigurations = (
				EFD0483DEC4837C978234784 /* Debug */,
				1B97008385C921D8E30F43B3 /* Release */,
			);
			defaultConfigurationIsVisible = 0;
			defaultConfigurationName = Debug;
		};
		A96AE95C541D30C6785F8CC0 /* Build configuration list for PBXNativeTarget "MusesTests" */ = {
			isa = XCConfigurationList;
			buildConfigurations = (
				DEE224F397583962B4B632FC /* Debug */,
				30D8E349C6FBD482AB7C46F2 /* Release */,
			);
			defaultConfigurationIsVisible = 0;
			defaultConfigurationName = Debug;
		};
		EB869238B28D87D7CC9A2711 /* Build configuration list for PBXProject "Muses" */ = {
			isa = XCConfigurationList;
			buildConfigurations = (
				384EEEA706E55F4A0F021CE7 /* Debug */,
				38767D36B33FA46A92F04CC5 /* Release */,
			);
			defaultConfigurationIsVisible = 0;
			defaultConfigurationName = Debug;
		};
/* End XCConfigurationList section */

/* Begin XCLocalSwiftPackageReference section */
		7C8E831B7E2211F2E7F2850C /* XCLocalSwiftPackageReference "Packages/MusesCatalog" */ = {
			isa = XCLocalSwiftPackageReference;
			relativePath = Packages/MusesCatalog;
		};
		94C2C1B6705300D7033C28A8 /* XCLocalSwiftPackageReference "Platform/iOS/OAuth" */ = {
			isa = XCLocalSwiftPackageReference;
			relativePath = Platform/iOS/OAuth;
		};
		B1D5DE098A0E838D558CD895 /* XCLocalSwiftPackageReference "Packages/MusesPersistence" */ = {
			isa = XCLocalSwiftPackageReference;
			relativePath = Packages/MusesPersistence;
		};
		C6088BD2A79832F51F691DC6 /* XCLocalSwiftPackageReference "Packages/MusesQueue" */ = {
			isa = XCLocalSwiftPackageReference;
			relativePath = Packages/MusesQueue;
		};
		CC1EEFD7EC8D621370156604 /* XCLocalSwiftPackageReference "Packages/MusesNetworking" */ = {
			isa = XCLocalSwiftPackageReference;
			relativePath = Packages/MusesNetworking;
		};
		CF8DA880E9B8D078F52A7393 /* XCLocalSwiftPackageReference "Packages/MusesDomain" */ = {
			isa = XCLocalSwiftPackageReference;
			relativePath = Packages/MusesDomain;
		};
/* End XCLocalSwiftPackageReference section */

/* Begin XCSwiftPackageProductDependency section */
		59C04AE7291360CB2F8D1980 /* MusesPersistence */ = {
			isa = XCSwiftPackageProductDependency;
			productName = MusesPersistence;
		};
		ABBF5AD31D71AF087880D502 /* MusesDomain */ = {
			isa = XCSwiftPackageProductDependency;
			productName = MusesDomain;
		};
		B564C53AE980502BCDEA589C /* MusesIOSOAuth */ = {
			isa = XCSwiftPackageProductDependency;
			productName = MusesIOSOAuth;
		};
		B6C839E616E7ADEBC1EA86EE /* MusesNetworking */ = {
			isa = XCSwiftPackageProductDependency;
			productName = MusesNetworking;
		};
		D0A0D1FFD092F222494DCD28 /* MusesCatalog */ = {
			isa = XCSwiftPackageProductDependency;
			productName = MusesCatalog;
		};
		E849032D7BF5D062EC253E75 /* MusesQueue */ = {
			isa = XCSwiftPackageProductDependency;
			productName = MusesQueue;
		};
/* End XCSwiftPackageProductDependency section */
	};
	rootObject = B9CD43186256EFCB65325E8E /* Project object */;
}
