// !$*UTF8*$!
{
	archiveVersion = 1;
	classes = {
	};
	objectVersion = 77;
	objects = {

/* Begin PBXBuildFile section */
		09EF9F7672736CFDB429908A /* Assets.xcassets in Resources */ = {isa = PBXBuildFile; fileRef = 0E499433DA82459A29E31C98 /* Assets.xcassets */; };
		109B68E82A26267834BF227E /* KeyboardDismissalTests.swift in Sources */ = {isa = PBXBuildFile; fileRef = 91A7D6679DFAC0606BC24FBB /* KeyboardDismissalTests.swift */; };
		1691B322D0E2E4A124CA3976 /* MusesNetworking in Frameworks */ = {isa = PBXBuildFile; productRef = B6C839E616E7ADEBC1EA86EE /* MusesNetworking */; };
		1C27C5D773A2CDC521C36A06 /* PublicCatalogFixtureTransport.swift in Sources */ = {isa = PBXBuildFile; fileRef = 77EBF9643B9DA73DE6077ACB /* PublicCatalogFixtureTransport.swift */; };
		1C9CDF738ED2298F36CF3394 /* PrivacyInfo.xcprivacy in Resources */ = {isa = PBXBuildFile; fileRef = 14D40A8955CC50AB87F7462D /* PrivacyInfo.xcprivacy */; };
		21FFC3D5C065537765A08A93 /* YouTubeIFrameContract.swift in Sources */ = {isa = PBXBuildFile; fileRef = 3DBD23204B11D9B81CB4880E /* YouTubeIFrameContract.swift */; };
		27019D7DA05EF8F43D7C1096 /* PublicRootView.swift in Sources */ = {isa = PBXBuildFile; fileRef = 027F187DCE7E94BA6D2C5B03 /* PublicRootView.swift */; };
		3C6D1046A049A3AD9EBF7903 /* PublicStoreLocation.swift in Sources */ = {isa = PBXBuildFile; fileRef = B4D8A3E3A2F0AB70964281DF /* PublicStoreLocation.swift */; };
		3CA9C72BA6514C9F43931BD0 /* PublicSmokeTests.swift in Sources */ = {isa = PBXBuildFile; fileRef = B88CC19B6BBEFF7A59783565 /* PublicSmokeTests.swift */; };
		54F7E4C136C06E1CC21E8C4E /* PublicCatalogViews.swift in Sources */ = {isa = PBXBuildFile; fileRef = 80BFB724B62A375E00FE82DF /* PublicCatalogViews.swift */; };
		6E308E0EE68117B2D348D7BF /* PublicYouTubeApp.swift in Sources */ = {isa = PBXBuildFile; fileRef = B38F7FFDCC49F387A86934E8 /* PublicYouTubeApp.swift */; };
		7273935935728720CB6E452E /* PublicKeyboardDismissal.swift in Sources */ = {isa = PBXBuildFile; fileRef = 619032F36D06FB756DFFDACB /* PublicKeyboardDismissal.swift */; };
		7F08B637B7E304022B8FF1B1 /* PublicYouTubeFlowTests.swift in Sources */ = {isa = PBXBuildFile; fileRef = 8DFB0F5C9F1F00760EEE27DB /* PublicYouTubeFlowTests.swift */; };
		83B838F9077E758A8FD941DD /* MusesPersistence in Frameworks */ = {isa = PBXBuildFile; productRef = 59C04AE7291360CB2F8D1980 /* MusesPersistence */; };
		8525D550E4F0761D9A32B796 /* PublicCatalogUITests.swift in Sources */ = {isa = PBXBuildFile; fileRef = B38C4DF4F5CE19FD4531B992 /* PublicCatalogUITests.swift */; };
		93776AD20FB9DC7C96936378 /* PublicServiceLinks.swift in Sources */ = {isa = PBXBuildFile; fileRef = 6B726EBFDB43E586F77DAD14 /* PublicServiceLinks.swift */; };
		9FA5A58E5A957104F5A695B9 /* MusesQueue in Frameworks */ = {isa = PBXBuildFile; productRef = E849032D7BF5D062EC253E75 /* MusesQueue */; };
		A24753171D104598A148F91E /* YouTubeIFrameAdapter.swift in Sources */ = {isa = PBXBuildFile; fileRef = 450AF4AE3A6C4930373DD319 /* YouTubeIFrameAdapter.swift */; };
		A36AF2110C4B7F6743F85FCF /* YouTubeIFrameDemoViewController.swift in Sources */ = {isa = PBXBuildFile; fileRef = 9C8A5E00E87E54C6FDC16B7B /* YouTubeIFrameDemoViewController.swift */; };
		BF3F53ECA098B096C3072A35 /* MusesCatalog in Frameworks */ = {isa = PBXBuildFile; productRef = D0A0D1FFD092F222494DCD28 /* MusesCatalog */; };
		D91F6183613114400108C756 /* MusesDomain in Frameworks */ = {isa = PBXBuildFile; productRef = ABBF5AD31D71AF087880D502 /* MusesDomain */; };
		E76E5DC874C583525DBF1BBF /* MusesIOSOAuth in Frameworks */ = {isa = PBXBuildFile; productRef = B564C53AE980502BCDEA589C /* MusesIOSOAuth */; };
/* End PBXBuildFile section */

/* Begin PBXContainerItemProxy section */
		40CF9BE0741CD98917E6731A /* PBXContainerItemProxy */ = {
			isa = PBXContainerItemProxy;
			containerPortal = B9CD43186256EFCB65325E8E /* Project object */;
			proxyType = 1;
			remoteGlobalIDString = 7FB55BBCFFD5CEACD7552488;
			remoteInfo = Muses;
		};
		9ED71E1E4A5E4F7D28A06253 /* PBXContainerItemProxy */ = {
			isa = PBXContainerItemProxy;
			containerPortal = B9CD43186256EFCB65325E8E /* Project object */;
			proxyType = 1;
			remoteGlobalIDString = 7FB55BBCFFD5CEACD7552488;
			remoteInfo = Muses;
		};
/* End PBXContainerItemProxy section */

/* Begin PBXFileReference section */
		027F187DCE7E94BA6D2C5B03 /* PublicRootView.swift */ = {isa = PBXFileReference; lastKnownFileType = sourcecode.swift; path = PublicRootView.swift; sourceTree = "<group>"; };
		0E499433DA82459A29E31C98 /* Assets.xcassets */ = {isa = PBXFileReference; lastKnownFileType = folder.assetcatalog; path = Assets.xcassets; sourceTree = "<group>"; };
		120CD27C0FCFF0CCB913A7F0 /* MusesPublicUITests.xctest */ = {isa = PBXFileReference; includeInIndex = 0; lastKnownFileType = wrapper.cfbundle; path = MusesPublicUITests.xctest; sourceTree = BUILT_PRODUCTS_DIR; };
		14D40A8955CC50AB87F7462D /* PrivacyInfo.xcprivacy */ = {isa = PBXFileReference; path = PrivacyInfo.xcprivacy; sourceTree = "<group>"; };
		18429725DF2EDAD606C8F793 /* OAuth */ = {isa = PBXFileReference; lastKnownFileType = folder; name = OAuth; path = Platform/iOS/OAuth; sourceTree = SOURCE_ROOT; };
		27D48D0063152B94B2CA0707 /* MusesCatalog */ = {isa = PBXFileReference; lastKnownFileType = folder; name = MusesCatalog; path = Packages/MusesCatalog; sourceTree = SOURCE_ROOT; };
		3DBD23204B11D9B81CB4880E /* YouTubeIFrameContract.swift */ = {isa = PBXFileReference; lastKnownFileType = sourcecode.swift; path = YouTubeIFrameContract.swift; sourceTree = "<group>"; };
		450AF4AE3A6C4930373DD319 /* YouTubeIFrameAdapter.swift */ = {isa = PBXFileReference; lastKnownFileType = sourcecode.swift; path = YouTubeIFrameAdapter.swift; sourceTree = "<group>"; };
		619032F36D06FB756DFFDACB /* PublicKeyboardDismissal.swift */ = {isa = PBXFileReference; lastKnownFileType = sourcecode.swift; path = PublicKeyboardDismissal.swift; sourceTree = "<group>"; };
		6B726EBFDB43E586F77DAD14 /* PublicServiceLinks.swift */ = {isa = PBXFileReference; lastKnownFileType = sourcecode.swift; path = PublicServiceLinks.swift; sourceTree = "<group>"; };
		77EBF9643B9DA73DE6077ACB /* PublicCatalogFixtureTransport.swift */ = {isa = PBXFileReference; lastKnownFileType = sourcecode.swift; path = PublicCatalogFixtureTransport.swift; sourceTree = "<group>"; };
		80BFB724B62A375E00FE82DF /* PublicCatalogViews.swift */ = {isa = PBXFileReference; lastKnownFileType = sourcecode.swift; path = PublicCatalogViews.swift; sourceTree = "<group>"; };
		876106BAA6581C1CB6DDDB90 /* MusesTests.xctest */ = {isa = PBXFileReference; includeInIndex = 0; lastKnownFileType = wrapper.cfbundle; path = MusesTests.xctest; sourceTree = BUILT_PRODUCTS_DIR; };
		89C5A75EEAC78DF115AC3B08 /* MusesQueue */ = {isa = PBXFileReference; lastKnownFileType = folder; name = MusesQueue; path = Packages/MusesQueue; sourceTree = SOURCE_ROOT; };
		8DFB0F5C9F1F00760EEE27DB /* PublicYouTubeFlowTests.swift */ = {isa = PBXFileReference; lastKnownFileType = sourcecode.swift; path = PublicYouTubeFlowTests.swift; sourceTree = "<group>"; };
		91A7D6679DFAC0606BC24FBB /* KeyboardDismissalTests.swift */ = {isa = PBXFileReference; lastKnownFileType = sourcecode.swift; path = KeyboardDismissalTests.swift; sourceTree = "<group>"; };
		9822313D18A980A1C93BA3D9 /* MusesNetworking */ = {isa = PBXFileReference; lastKnownFileType = folder; name = MusesNetworking; path = Packages/MusesNetworking; sourceTree = SOURCE_ROOT; };
		9C8A5E00E87E54C6FDC16B7B /* YouTubeIFrameDemoViewController.swift */ = {isa = PBXFileReference; lastKnownFileType = sourcecode.swift; path = YouTubeIFrameDemoViewController.swift; sourceTree = "<group>"; };
		B38C4DF4F5CE19FD4531B992 /* PublicCatalogUITests.swift */ = {isa = PBXFileReference; lastKnownFileType = sourcecode.swift; path = PublicCatalogUITests.swift; sourceTree = "<group>"; };
		B38F7FFDCC49F387A86934E8 /* PublicYouTubeApp.swift */ = {isa = PBXFileReference; lastKnownFileType = sourcecode.swift; path = PublicYouTubeApp.swift; sourceTree = "<group>"; };
		B4D8A3E3A2F0AB70964281DF /* PublicStoreLocation.swift */ = {isa = PBXFileReference; lastKnownFileType = sourcecode.swift; path = PublicStoreLocation.swift; sourceTree = "<group>"; };
		B88CC19B6BBEFF7A59783565 /* PublicSmokeTests.swift */ = {isa = PBXFileReference; lastKnownFileType = sourcecode.swift; path = PublicSmokeTests.swift; sourceTree = "<group>"; };
		C02C9611A99A8C63F4394507 /* MusesPersistence */ = {isa = PBXFileReference; lastKnownFileType = folder; name = MusesPersistence; path = Packages/MusesPersistence; sourceTree = SOURCE_ROOT; };
		DB123987A950FCEDAD853C84 /* Muses.app */ = {isa = PBXFileReference; includeInIndex = 0; lastKnownFileType = wrapper.application; path = Muses.app; sourceTree = BUILT_PRODUCTS_DIR; };
		F8B462D88E6E22787C5B9E38 /* MusesDomain */ = {isa = PBXFileReference; lastKnownFileType = folder; name = MusesDomain; path = Packages/MusesDomain; sourceTree = SOURCE_ROOT; };
/* End PBXFileReference section */

/* Begin PBXFrameworksBuildPhase section */
		1C4135098089631AA72EE9A5 /* Frameworks */ = {
			isa = PBXFrameworksBuildPhase;
			buildActionMask = 2147483647;
			files = (
				D91F6183613114400108C756 /* MusesDomain in Frameworks */,
				9FA5A58E5A957104F5A695B9 /* MusesQueue in Frameworks */,
				83B838F9077E758A8FD941DD /* MusesPersistence in Frameworks */,
				1691B322D0E2E4A124CA3976 /* MusesNetworking in Frameworks */,
				BF3F53ECA098B096C3072A35 /* MusesCatalog in Frameworks */,
				E76E5DC874C583525DBF1BBF /* MusesIOSOAuth in Frameworks */,
			);
			runOnlyForDeploymentPostprocessing = 0;
		};
/* End PBXFrameworksBuildPhase section */

/* Begin PBXGroup section */
		2C2B8C212D8866C8B177AA87 /* Products */ = {
			isa = PBXGroup;
			children = (
				DB123987A950FCEDAD853C84 /* Muses.app */,
				120CD27C0FCFF0CCB913A7F0 /* MusesPublicUITests.xctest */,
				876106BAA6581C1CB6DDDB90 /* MusesTests.xctest */,
			);
			name = Products;
			sourceTree = "<group>";
		};
		2E819485AA4CB0C44E3F3B90 /* Packages */ = {
			isa = PBXGroup;
			children = (
				27D48D0063152B94B2CA0707 /* MusesCatalog */,
				F8B462D88E6E22787C5B9E38 /* MusesDomain */,
				9822313D18A980A1C93BA3D9 /* MusesNetworking */,
				C02C9611A99A8C63F4394507 /* MusesPersistence */,
				89C5A75EEAC78DF115AC3B08 /* MusesQueue */,
				18429725DF2EDAD606C8F793 /* OAuth */,
			);
			path = Packages;
			sourceTree = "<group>";
		};
		3DE7FA3C9C76BFB6F9102ADD /* Resources */ = {
			isa = PBXGroup;
			children = (
				0E499433DA82459A29E31C98 /* Assets.xcassets */,
				14D40A8955CC50AB87F7462D /* PrivacyInfo.xcprivacy */,
			);
			name = Resources;
			path = Sources/Muses/Resources;
			sourceTree = "<group>";
		};
		435F32758A99587684E1F8A6 /* Public */ = {
			isa = PBXGroup;
			children = (
				80BFB724B62A375E00FE82DF /* PublicCatalogViews.swift */,
				619032F36D06FB756DFFDACB /* PublicKeyboardDismissal.swift */,
				027F187DCE7E94BA6D2C5B03 /* PublicRootView.swift */,
				6B726EBFDB43E586F77DAD14 /* PublicServiceLinks.swift */,
			);
			name = Public;
			path = Sources/Muses/Features/Public;
			sourceTree = "<group>";
		};
		4737C6BAEEB8FD2F13916204 /* MusesPublicUITests */ = {
			isa = PBXGroup;
			children = (
				91A7D6679DFAC0606BC24FBB /* KeyboardDismissalTests.swift */,
				B38C4DF4F5CE19FD4531B992 /* PublicCatalogUITests.swift */,
				B88CC19B6BBEFF7A59783565 /* PublicSmokeTests.swift */,
			);
			name = MusesPublicUITests;
			path = Tests/MusesPublicUITests;
			sourceTree = "<group>";
		};
		5AD86F7EC7D9BEA8C77778ED /* App */ = {
			isa = PBXGroup;
			children = (
				B4D8A3E3A2F0AB70964281DF /* PublicStoreLocation.swift */,
				B38F7FFDCC49F387A86934E8 /* PublicYouTubeApp.swift */,
			);
			name = App;
			path = Sources/Muses/App;
			sourceTree = "<group>";
		};
		855A0318330498B581293BE6 /* Support */ = {
			isa = PBXGroup;
			children = (
				77EBF9643B9DA73DE6077ACB /* PublicCatalogFixtureTransport.swift */,
			);
			name = Support;
			path = Tests/Support;
			sourceTree = "<group>";
		};
		B457E8459AD93ED6DBECDDE9 /* MusesTests */ = {
			isa = PBXGroup;
			children = (
				8DFB0F5C9F1F00760EEE27DB /* PublicYouTubeFlowTests.swift */,
			);
			name = MusesTests;
			path = Tests/MusesTests;
			sourceTree = "<group>";
		};
		CC6E309848BEBEDE0759C1BA = {
			isa = PBXGroup;
			children = (
				5AD86F7EC7D9BEA8C77778ED /* App */,
				4737C6BAEEB8FD2F13916204 /* MusesPublicUITests */,
				B457E8459AD93ED6DBECDDE9 /* MusesTests */,
				2E819485AA4CB0C44E3F3B90 /* Packages */,
				435F32758A99587684E1F8A6 /* Public */,
				3DE7FA3C9C76BFB6F9102ADD /* Resources */,
				855A0318330498B581293BE6 /* Support */,
				DE67092E6999DF3201F0911F /* YouTubeIFrame */,
				2C2B8C212D8866C8B177AA87 /* Products */,
			);
			sourceTree = "<group>";
		};
		DE67092E6999DF3201F0911F /* YouTubeIFrame */ = {
			isa = PBXGroup;
			children = (
				450AF4AE3A6C4930373DD319 /* YouTubeIFrameAdapter.swift */,
				3DBD23204B11D9B81CB4880E /* YouTubeIFrameContract.swift */,
				9C8A5E00E87E54C6FDC16B7B /* YouTubeIFrameDemoViewController.swift */,
			);
			name = YouTubeIFrame;
			path = Sources/Muses/Platform/iOS/YouTubeIFrame;
			sourceTree = "<group>";
		};
/* End PBXGroup section */

/* Begin PBXNativeTarget section */
		2F053DF18EBFB1C20F73AA07 /* MusesTests */ = {
			isa = PBXNativeTarget;
			buildConfigurationList = A96AE95C541D30C6785F8CC0 /* Build configuration list for PBXNativeTarget "MusesTests" */;
			buildPhases = (
				899429184666EB0E75A15599 /* Sources */,
			);
			buildRules = (
			);
			dependencies = (
				158CEF59C7D2EBF09114CBB8 /* PBXTargetDependency */,
			);
			name = MusesTests;
			packageProductDependencies = (
			);
			productName = MusesTests;
			productReference = 876106BAA6581C1CB6DDDB90 /* MusesTests.xctest */;
			productType = "com.apple.product-type.bundle.unit-test";
		};
		7FB55BBCFFD5CEACD7552488 /* Muses */ = {
			isa = PBXNativeTarget;
			buildConfigurationList = 137FE33BE1A01B24501DD38A /* Build configuration list for PBXNativeTarget "Muses" */;
			buildPhases = (
				1E63AD1E34684D710D62EFDD /* Sources */,
				B4DE4611FE4831CFAC372220 /* Resources */,
				1C4135098089631AA72EE9A5 /* Frameworks */,
			);
			buildRules = (
			);
			dependencies = (
			);
			name = Muses;
			packageProductDependencies = (
				ABBF5AD31D71AF087880D502 /* MusesDomain */,
				E849032D7BF5D062EC253E75 /* MusesQueue */,
				59C04AE7291360CB2F8D1980 /* MusesPersistence */,
				B6C839E616E7ADEBC1EA86EE /* MusesNetworking */,
				D0A0D1FFD092F222494DCD28 /* MusesCatalog */,
				B564C53AE980502BCDEA589C /* MusesIOSOAuth */,
			);
			productName = Muses;
			productReference = DB123987A950FCEDAD853C84 /* Muses.app */;
			productType = "com.apple.product-type.application";
		};
		B3200D40FE7C4C96FB7493D5 /* MusesPublicUITests */ = {
			isa = PBXNativeTarget;
			buildConfigurationList = 6D97846BA92C582E7AF4B253 /* Build configuration list for PBXNativeTarget "MusesPublicUITests" */;
			buildPhases = (
				B37B53A9B9126DF258DE504D /* Sources */,
			);
			buildRules = (
			);
			dependencies = (
				D71FC268733075F957D69581 /* PBXTargetDependency */,
			);
			name = MusesPublicUITests;
			packageProductDependencies = (
			);
			productName = MusesPublicUITests;
			productReference = 120CD27C0FCFF0CCB913A7F0 /* MusesPublicUITests.xctest */;
			productType = "com.apple.product-type.bundle.ui-testing";
		};
/* End PBXNativeTarget section */

/* Begin PBXProject section */
		B9CD43186256EFCB65325E8E /* Project object */ = {
			isa = PBXProject;
			attributes = {
				BuildIndependentTargetsInParallel = YES;
				LastUpgradeCheck = 1430;
				TargetAttributes = {
					B3200D40FE7C4C96FB7493D5 = {
						TestTargetID = 7FB55BBCFFD5CEACD7552488;
					};
				};
			};
			buildConfigurationList = EB869238B28D87D7CC9A2711 /* Build configuration list for PBXProject "Muses" */;
			developmentRegion = en;
			hasScannedForEncodings = 0;
			knownRegions = (
				Base,
				en,
			);
			mainGroup = CC6E309848BEBEDE0759C1BA;
			minimizedProjectReferenceProxies = 1;
			packageReferences = (
				7C8E831B7E2211F2E7F2850C /* XCLocalSwiftPackageReference "Packages/MusesCatalog" */,
				CF8DA880E9B8D078F52A7393 /* XCLocalSwiftPackageReference "Packages/MusesDomain" */,
				94C2C1B6705300D7033C28A8 /* XCLocalSwiftPackageReference "Platform/iOS/OAuth" */,
				CC1EEFD7EC8D621370156604 /* XCLocalSwiftPackageReference "Packages/MusesNetworking" */,
				B1D5DE098A0E838D558CD895 /* XCLocalSwiftPackageReference "Packages/MusesPersistence" */,
				C6088BD2A79832F51F691DC6 /* XCLocalSwiftPackageReference "Packages/MusesQueue" */,
			);
			preferredProjectObjectVersion = 77;
			productRefGroup = 2C2B8C212D8866C8B177AA87 /* Products */;
			projectDirPath = "";
			projectRoot = "";
			targets = (
				7FB55BBCFFD5CEACD7552488 /* Muses */,
				2F053DF18EBFB1C20F73AA07 /* MusesTests */,
				B3200D40FE7C4C96FB7493D5 /* MusesPublicUITests */,
			);
		};
/* End PBXProject section */

/* Begin PBXResourcesBuildPhase section */
		B4DE4611FE4831CFAC372220 /* Resources */ = {
			isa = PBXResourcesBuildPhase;
			buildActionMask = 2147483647;
			files = (
				09EF9F7672736CFDB429908A /* Assets.xcassets in Resources */,
				1C9CDF738ED2298F36CF3394 /* PrivacyInfo.xcprivacy in Resources */,
			);
			runOnlyForDeploymentPostprocessing = 0;
		};
/* End PBXResourcesBuildPhase section */

/* Begin PBXSourcesBuildPhase section */
		1E63AD1E34684D710D62EFDD /* Sources */ = {
			isa = PBXSourcesBuildPhase;
			buildActionMask = 2147483647;
			files = (
				1C27C5D773A2CDC521C36A06 /* PublicCatalogFixtureTransport.swift in Sources */,
				54F7E4C136C06E1CC21E8C4E /* PublicCatalogViews.swift in Sources */,
				7273935935728720CB6E452E /* PublicKeyboardDismissal.swift in Sources */,
				27019D7DA05EF8F43D7C1096 /* PublicRootView.swift in Sources */,
				93776AD20FB9DC7C96936378 /* PublicServiceLinks.swift in Sources */,
				3C6D1046A049A3AD9EBF7903 /* PublicStoreLocation.swift in Sources */,
				6E308E0EE68117B2D348D7BF /* PublicYouTubeApp.swift in Sources */,
				A24753171D104598A148F91E /* YouTubeIFrameAdapter.swift in Sources */,
				21FFC3D5C065537765A08A93 /* YouTubeIFrameContract.swift in Sources */,
				A36AF2110C4B7F6743F85FCF /* YouTubeIFrameDemoViewController.swift in Sources */,
			);
			runOnlyForDeploymentPostprocessing = 0;
		};
		899429184666EB0E75A15599 /* Sources */ = {
			isa = PBXSourcesBuildPhase;
			buildActionMask = 2147483647;
			files = (
				7F08B637B7E304022B8FF1B1 /* PublicYouTubeFlowTests.swift in Sources */,
			);
			runOnlyForDeploymentPostprocessing = 0;
		};
		B37B53A9B9126DF258DE504D /* Sources */ = {
			isa = PBXSourcesBuildPhase;
			buildActionMask = 2147483647;
			files = (
				109B68E82A26267834BF227E /* KeyboardDismissalTests.swift in Sources */,
				8525D550E4F0761D9A32B796 /* PublicCatalogUITests.swift in Sources */,
				3CA9C72BA6514C9F43931BD0 /* PublicSmokeTests.swift in Sources */,
			);
			runOnlyForDeploymentPostprocessing = 0;
		};
/* End PBXSourcesBuildPhase section */

/* Begin PBXTargetDependency section */
		158CEF59C7D2EBF09114CBB8 /* PBXTargetDependency */ = {
			isa = PBXTargetDependency;
			target = 7FB55BBCFFD5CEACD7552488 /* Muses */;
			targetProxy = 40CF9BE0741CD98917E6731A /* PBXContainerItemProxy */;
		};
		D71FC268733075F957D69581 /* PBXTargetDependency */ = {
			isa = PBXTargetDependency;
			target = 7FB55BBCFFD5CEACD7552488 /* Muses */;
			targetProxy = 9ED71E1E4A5E4F7D28A06253 /* PBXContainerItemProxy */;
		};
/* End PBXTargetDependency section */

/* Begin XCBuildConfiguration section */
		1B97008385C921D8E30F43B3 /* Release */ = {
			isa = XCBuildConfiguration;
			buildSettings = {
				BUNDLE_LOADER = "$(TEST_HOST)";
				GENERATE_INFOPLIST_FILE = YES;
				LD_RUNPATH_SEARCH_PATHS = (
					"$(inherited)",
					"@executable_path/Frameworks",
					"@loader_path/Frameworks",
				);
				PRODUCT_BUNDLE_IDENTIFIER = com.xiaotwu.muses.erato.publicuitests;
				SDKROOT = iphoneos;
				SUPPORTED_PLATFORMS = "iphoneos iphonesimulator";
				TARGETED_DEVICE_FAMILY = "1,2";
				TEST_TARGET_NAME = Muses;
			};
			name = Release;
		};
		30D8E349C6FBD482AB7C46F2 /* Release */ = {
			isa = XCBuildConfiguration;
			buildSettings = {
				BUNDLE_LOADER = "$(TEST_HOST)";
				GENERATE_INFOPLIST_FILE = YES;
				LD_RUNPATH_SEARCH_PATHS = (
					"$(inherited)",
					"@executable_path/Frameworks",
					"@loader_path/Frameworks",
				);
				PRODUCT_BUNDLE_IDENTIFIER = com.xiaotwu.muses.erato.tests;
				PRODUCT_MODULE_NAME = MusesTests;
				PRODUCT_NAME = MusesTests;
				SDKROOT = iphoneos;
				SUPPORTED_PLATFORMS = "iphoneos iphonesimulator";
				TARGETED_DEVICE_FAMILY = "1,2";
				TEST_HOST = "$(BUILT_PRODUCTS_DIR)/Muses.app/$(BUNDLE_EXECUTABLE_FOLDER_PATH)/Muses";
			};
			name = Release;
		};
		384EEEA706E55F4A0F021CE7 /* Debug */ = {
			isa = XCBuildConfiguration;
			buildSettings = {
				ALWAYS_SEARCH_USER_PATHS = NO;
				CLANG_ANALYZER_NONNULL = YES;
				CLANG_ANALYZER_NUMBER_OBJECT_CONVERSION = YES_AGGRESSIVE;
				CLANG_CXX_LANGUAGE_STANDARD = "gnu++14";
				CLANG_CXX_LIBRARY = "libc++";
				CLANG_ENABLE_MODULES = YES;
				CLANG_ENABLE_OBJC_ARC = YES;
				CLANG_ENABLE_OBJC_WEAK = YES;
				CLANG_WARN_BLOCK_CAPTURE_AUTORELEASING = YES;
				CLANG_WARN_BOOL_CONVERSION = YES;
				CLANG_WARN_COMMA = YES;
				CLANG_WARN_CONSTANT_CONVERSION = YES;
				CLANG_WARN_DEPRECATED_OBJC_IMPLEMENTATIONS = YES;
				CLANG_WARN_DIRECT_OBJC_ISA_USAGE = YES_ERROR;
				CLANG_WARN_DOCUMENTATION_COMMENTS = YES;
				CLANG_WARN_EMPTY_BODY = YES;
				CLANG_WARN_ENUM_CONVERSION = YES;
				CLANG_WARN_INFINITE_RECURSION = YES;
				CLANG_WARN_INT_CONVERSION = YES;
				CLANG_WARN_NON_LITERAL_NULL_CONVERSION = YES;
				CLANG_WARN_OBJC_IMPLICIT_RETAIN_SELF = YES;
				CLANG_WARN_OBJC_LITERAL_CONVERSION = YES;
				CLANG_WARN_OBJC_ROOT_CLASS = YES_ERROR;
				CLANG_WARN_QUOTED_INCLUDE_IN_FRAMEWORK_HEADER = YES;
				CLANG_WARN_RANGE_LOOP_ANALYSIS = YES;
				CLANG_WARN_STRICT_PROTOTYPES = YES;
				CLANG_WARN_SUSPICIOUS_MOVE = YES;
				CLANG_WARN_UNGUARDED_AVAILABILITY = YES_AGGRESSIVE;
				CLANG_WARN_UNREACHABLE_CODE = YES;
				CLANG_WARN__DUPLICATE_METHOD_MATCH = YES;
				COPY_PHASE_STRIP = NO;
				DEBUG_INFORMATION_FORMAT = dwarf;
				ENABLE_STRICT_OBJC_MSGSEND = YES;
				ENABLE_TESTABILITY = YES;
				ENABLE_USER_SCRIPT_SANDBOXING = NO;
				GCC_C_LANGUAGE_STANDARD = gnu11;
				GCC_DYNAMIC_NO_PIC = NO;
				GCC_NO_COMMON_BLOCKS = YES;
				GCC_OPTIMIZATION_LEVEL = 0;
				GCC_PREPROCESSOR_DEFINITIONS = (
					"$(inherited)",
					"DEBUG=1",
				);
				GCC_WARN_64_TO_32_BIT_CONVERSION = YES;
				GCC_WARN_ABOUT_RETURN_TYPE = YES_ERROR;
				GCC_WARN_UNDECLARED_SELECTOR = YES;
				GCC_WARN_UNINITIALIZED_AUTOS = YES_AGGRESSIVE;
				GCC_WARN_UNUSED_FUNCTION = YES;
				GCC_WARN_UNUSED_VARIABLE = YES;
				GENERATE_INFOPLIST_FILE = NO;
				IPHONEOS_DEPLOYMENT_TARGET = 18.0;
				MTL_ENABLE_DEBUG_INFO = INCLUDE_SOURCE;
				MTL_FAST_MATH = YES;
				ONLY_ACTIVE_ARCH = YES;
				PRODUCT_NAME = "$(TARGET_NAME)";
				SDKROOT = iphoneos;
				SUPPORTS_MACCATALYST = NO;
				SWIFT_ACTIVE_COMPILATION_CONDITIONS = DEBUG;
				SWIFT_OPTIMIZATION_LEVEL = "-Onone";
				SWIFT_STRICT_CONCURRENCY = minimal;
				SWIFT_VERSION = 6.0;
				WATCHOS_DEPLOYMENT_TARGET = 11.0;
			};
			name = Debug;
		};
		38767D36B33FA46A92F04CC5 /* Release */ = {
			isa = XCBuildConfiguration;
			buildSettings = {
				ALWAYS_SEARCH_USER_PATHS = NO;
				CLANG_ANALYZER_NONNULL = YES;
				CLANG_ANALYZER_NUMBER_OBJECT_CONVERSION = YES_AGGRESSIVE;
				CLANG_CXX_LANGUAGE_STANDARD = "gnu++14";
				CLANG_CXX_LIBRARY = "libc++";
				CLANG_ENABLE_MODULES = YES;
				CLANG_ENABLE_OBJC_ARC = YES;
				CLANG_ENABLE_OBJC_WEAK = YES;
				CLANG_WARN_BLOCK_CAPTURE_AUTORELEASING = YES;
				CLANG_WARN_BOOL_CONVERSION = YES;
				CLANG_WARN_COMMA = YES;
				CLANG_WARN_CONSTANT_CONVERSION = YES;
				CLANG_WARN_DEPRECATED_OBJC_IMPLEMENTATIONS = YES;
				CLANG_WARN_DIRECT_OBJC_ISA_USAGE = YES_ERROR;
				CLANG_WARN_DOCUMENTATION_COMMENTS = YES;
				CLANG_WARN_EMPTY_BODY = YES;
				CLANG_WARN_ENUM_CONVERSION = YES;
				CLANG_WARN_INFINITE_RECURSION = YES;
				CLANG_WARN_INT_CONVERSION = YES;
				CLANG_WARN_NON_LITERAL_NULL_CONVERSION = YES;
				CLANG_WARN_OBJC_IMPLICIT_RETAIN_SELF = YES;
				CLANG_WARN_OBJC_LITERAL_CONVERSION = YES;
				CLANG_WARN_OBJC_ROOT_CLASS = YES_ERROR;
				CLANG_WARN_QUOTED_INCLUDE_IN_FRAMEWORK_HEADER = YES;
				CLANG_WARN_RANGE_LOOP_ANALYSIS = YES;
				CLANG_WARN_STRICT_PROTOTYPES = YES;
				CLANG_WARN_SUSPICIOUS_MOVE = YES;
				CLANG_WARN_UNGUARDED_AVAILABILITY = YES_AGGRESSIVE;
				CLANG_WARN_UNREACHABLE_CODE = YES;
				CLANG_WARN__DUPLICATE_METHOD_MATCH = YES;
				COPY_PHASE_STRIP = NO;
				DEBUG_INFORMATION_FORMAT = "dwarf-with-dsym";
				ENABLE_NS_ASSERTIONS = NO;
				ENABLE_STRICT_OBJC_MSGSEND = YES;
				ENABLE_USER_SCRIPT_SANDBOXING = NO;
				GCC_C_LANGUAGE_STANDARD = gnu11;
				GCC_NO_COMMON_BLOCKS = YES;
				GCC_WARN_64_TO_32_BIT_CONVERSION = YES;
				GCC_WARN_ABOUT_RETURN_TYPE = YES_ERROR;
				GCC_WARN_UNDECLARED_SELECTOR = YES;
				GCC_WARN_UNINITIALIZED_AUTOS = YES_AGGRESSIVE;
				GCC_WARN_UNUSED_FUNCTION = YES;
				GCC_WARN_UNUSED_VARIABLE = YES;
				GENERATE_INFOPLIST_FILE = NO;
				IPHONEOS_DEPLOYMENT_TARGET = 18.0;
				MTL_ENABLE_DEBUG_INFO = NO;
				MTL_FAST_MATH = YES;
				PRODUCT_NAME = "$(TARGET_NAME)";
				SDKROOT = iphoneos;
				SUPPORTS_MACCATALYST = NO;
				SWIFT_COMPILATION_MODE = wholemodule;
				SWIFT_OPTIMIZATION_LEVEL = "-O";
				SWIFT_STRICT_CONCURRENCY = minimal;
				SWIFT_VERSION = 6.0;
				WATCHOS_DEPLOYMENT_TARGET = 11.0;
			};
			name = Release;
		};
		3A47C27FC8EC3E45D21FE3BF /* Debug */ = {
			isa = XCBuildConfiguration;
			buildSettings = {
				ASSETCATALOG_COMPILER_APPICON_NAME = AppIcon;
				CODE_SIGN_IDENTITY = "iPhone Developer";
				INFOPLIST_FILE = Sources/Muses/Resources/Info.plist;
				LD_RUNPATH_SEARCH_PATHS = (
					"$(inherited)",
					"@executable_path/Frameworks",
				);
				MUSES_GOOGLE_REDIRECT_SCHEME = "muses-erato";
				PRODUCT_BUNDLE_IDENTIFIER = com.xiaotwu.muses.erato;
				PRODUCT_NAME = Muses;
				SDKROOT = iphoneos;
				SUPPORTED_PLATFORMS = "iphoneos iphonesimulator";
				TARGETED_DEVICE_FAMILY = "1,2";
			};
			name = Debug;
		};
		DEE224F397583962B4B632FC /* Debug */ = {
			isa = XCBuildConfiguration;
			buildSettings = {
				BUNDLE_LOADER = "$(TEST_HOST)";
				GENERATE_INFOPLIST_FILE = YES;
				LD_RUNPATH_SEARCH_PATHS = (
					"$(inherited)",
					"@executable_path/Frameworks",
					"@loader_path/Frameworks",
				);
				PRODUCT_BUNDLE_IDENTIFIER = com.xiaotwu.muses.erato.tests;
				PRODUCT_MODULE_NAME = MusesTests;
				PRODUCT_NAME = MusesTests;
				SDKROOT = iphoneos;
				SUPPORTED_PLATFORMS = "iphoneos iphonesimulator";
				TARGETED_DEVICE_FAMILY = "1,2";
				TEST_HOST = "$(BUILT_PRODUCTS_DIR)/Muses.app/$(BUNDLE_EXECUTABLE_FOLDER_PATH)/Muses";
			};
			name = Debug;
		};
		E5AA96952A2448654A42B613 /* Release */ = {
			isa = XCBuildConfiguration;
			buildSettings = {
				ASSETCATALOG_COMPILER_APPICON_NAME = AppIcon;
				CODE_SIGN_IDENTITY = "iPhone Developer";
				INFOPLIST_FILE = Sources/Muses/Resources/Info.plist;
				LD_RUNPATH_SEARCH_PATHS = (
					"$(inherited)",
					"@executable_path/Frameworks",
				);
				MUSES_GOOGLE_REDIRECT_SCHEME = "muses-erato";
				PRODUCT_BUNDLE_IDENTIFIER = com.xiaotwu.muses.erato;
				PRODUCT_NAME = Muses;
				SDKROOT = iphoneos;
				SUPPORTED_PLATFORMS = "iphoneos iphonesimulator";
				TARGETED_DEVICE_FAMILY = "1,2";
			};
			name = Release;
		};
		EFD0483DEC4837C978234784 /* Debug */ = {
			isa = XCBuildConfiguration;
			buildSettings = {
				BUNDLE_LOADER = "$(TEST_HOST)";
				GENERATE_INFOPLIST_FILE = YES;
				LD_RUNPATH_SEARCH_PATHS = (
					"$(inherited)",
					"@executable_path/Frameworks",
					"@loader_path/Frameworks",
				);
				PRODUCT_BUNDLE_IDENTIFIER = com.xiaotwu.muses.erato.publicuitests;
				SDKROOT = iphoneos;
				SUPPORTED_PLATFORMS = "iphoneos iphonesimulator";
				TARGETED_DEVICE_FAMILY = "1,2";
				TEST_TARGET_NAME = Muses;
			};
			name = Debug;
		};
/* End XCBuildConfiguration section */

/* Begin XCConfigurationList section */
		137FE33BE1A01B24501DD38A /* Build configuration list for PBXNativeTarget "Muses" */ = {
			isa = XCConfigurationList;
			buildConfigurations = (
				3A47C27FC8EC3E45D21FE3BF /* Debug */,
				E5AA96952A2448654A42B613 /* Release */,
			);
			defaultConfigurationIsVisible = 0;
			defaultConfigurationName = Debug;
		};
		6D97846BA92C582E7AF4B253 /* Build configuration list for PBXNativeTarget "MusesPublicUITests" */ = {
			isa = XCConfigurationList;
			buildConfigurations = (
				EFD0483DEC4837C978234784 /* Debug */,
				1B97008385C921D8E30F43B3 /* Release */,
			);
			defaultConfigurationIsVisible = 0;
			defaultConfigurationName = Debug;
		};
		A96AE95C541D30C6785F8CC0 /* Build configuration list for PBXNativeTarget "MusesTests" */ = {
			isa = XCConfigurationList;
			buildConfigurations = (
				DEE224F397583962B4B632FC /* Debug */,
				30D8E349C6FBD482AB7C46F2 /* Release */,
			);
			defaultConfigurationIsVisible = 0;
			defaultConfigurationName = Debug;
		};
		EB869238B28D87D7CC9A2711 /* Build configuration list for PBXProject "Muses" */ = {
			isa = XCConfigurationList;
			buildConfigurations = (
				384EEEA706E55F4A0F021CE7 /* Debug */,
				38767D36B33FA46A92F04CC5 /* Release */,
			);
			defaultConfigurationIsVisible = 0;
			defaultConfigurationName = Debug;
		};
/* End XCConfigurationList section */

/* Begin XCLocalSwiftPackageReference section */
		7C8E831B7E2211F2E7F2850C /* XCLocalSwiftPackageReference "Packages/MusesCatalog" */ = {
			isa = XCLocalSwiftPackageReference;
			relativePath = Packages/MusesCatalog;
		};
		94C2C1B6705300D7033C28A8 /* XCLocalSwiftPackageReference "Platform/iOS/OAuth" */ = {
			isa = XCLocalSwiftPackageReference;
			relativePath = Platform/iOS/OAuth;
		};
		B1D5DE098A0E838D558CD895 /* XCLocalSwiftPackageReference "Packages/MusesPersistence" */ = {
			isa = XCLocalSwiftPackageReference;
			relativePath = Packages/MusesPersistence;
		};
		C6088BD2A79832F51F691DC6 /* XCLocalSwiftPackageReference "Packages/MusesQueue" */ = {
			isa = XCLocalSwiftPackageReference;
			relativePath = Packages/MusesQueue;
		};
		CC1EEFD7EC8D621370156604 /* XCLocalSwiftPackageReference "Packages/MusesNetworking" */ = {
			isa = XCLocalSwiftPackageReference;
			relativePath = Packages/MusesNetworking;
		};
		CF8DA880E9B8D078F52A7393 /* XCLocalSwiftPackageReference "Packages/MusesDomain" */ = {
			isa = XCLocalSwiftPackageReference;
			relativePath = Packages/MusesDomain;
		};
/* End XCLocalSwiftPackageReference section */

/* Begin XCSwiftPackageProductDependency section */
		59C04AE7291360CB2F8D1980 /* MusesPersistence */ = {
			isa = XCSwiftPackageProductDependency;
			productName = MusesPersistence;
		};
		ABBF5AD31D71AF087880D502 /* MusesDomain */ = {
			isa = XCSwiftPackageProductDependency;
			productName = MusesDomain;
		};
		B564C53AE980502BCDEA589C /* MusesIOSOAuth */ = {
			isa = XCSwiftPackageProductDependency;
			productName = MusesIOSOAuth;
		};
		B6C839E616E7ADEBC1EA86EE /* MusesNetworking */ = {
			isa = XCSwiftPackageProductDependency;
			productName = MusesNetworking;
		};
		D0A0D1FFD092F222494DCD28 /* MusesCatalog */ = {
			isa = XCSwiftPackageProductDependency;
			productName = MusesCatalog;
		};
		E849032D7BF5D062EC253E75 /* MusesQueue */ = {
			isa = XCSwiftPackageProductDependency;
			productName = MusesQueue;
		};
/* End XCSwiftPackageProductDependency section */
	};
	rootObject = B9CD43186256EFCB65325E8E /* Project object */;
}
